// !$*UTF8*$!
{
	archiveVersion = 1;
	classes = {
	};
	objectVersion = 56;
	objects = {

/* Begin PBXBuildFile section */
		1D24A3F9289280A200DF6646 /* PlayerModel.swift in Sources */ = {isa = PBXBuildFile; fileRef = 1D24A3F8289280A200DF6646 /* PlayerModel.swift */; };
		1D24A3FB289280C600DF6646 /* CodableBundleExtension.swift in Sources */ = {isa = PBXBuildFile; fileRef = 1D24A3FA289280C600DF6646 /* CodableBundleExtension.swift */; };
		1D24A3FD2892823A00DF6646 /* FeaturedItemView.swift in Sources */ = {isa = PBXBuildFile; fileRef = 1D24A3FC2892823A00DF6646 /* FeaturedItemView.swift */; };
		1D24A3FF289282BC00DF6646 /* FeaturedTabView.swift in Sources */ = {isa = PBXBuildFile; fileRef = 1D24A3FE289282BC00DF6646 /* FeaturedTabView.swift */; };
		1D24A4012892A8E300DF6646 /* CategoryModel.swift in Sources */ = {isa = PBXBuildFile; fileRef = 1D24A4002892A8E300DF6646 /* CategoryModel.swift */; };
		1D24A4032892AC1E00DF6646 /* CategoryItemView.swift in Sources */ = {isa = PBXBuildFile; fileRef = 1D24A4022892AC1E00DF6646 /* CategoryItemView.swift */; };
		1D24A4052892AEC900DF6646 /* CategoryGridView.swift in Sources */ = {isa = PBXBuildFile; fileRef = 1D24A4042892AEC900DF6646 /* CategoryGridView.swift */; };
		1D24A4072892AFE000DF6646 /* SectionView.swift in Sources */ = {isa = PBXBuildFile; fileRef = 1D24A4062892AFE000DF6646 /* SectionView.swift */; };
		1D24A4092892B2D600DF6646 /* ProductGridView.swift in Sources */ = {isa = PBXBuildFile; fileRef = 1D24A4082892B2D600DF6646 /* ProductGridView.swift */; };
		1D24A40B2892B2ED00DF6646 /* ProductItemView.swift in Sources */ = {isa = PBXBuildFile; fileRef = 1D24A40A2892B2ED00DF6646 /* ProductItemView.swift */; };
		1D24A40D2892B33200DF6646 /* ProductModel.swift in Sources */ = {isa = PBXBuildFile; fileRef = 1D24A40C2892B33200DF6646 /* ProductModel.swift */; };
		1D24A40F2892B77300DF6646 /* TitleView.swift in Sources */ = {isa = PBXBuildFile; fileRef = 1D24A40E2892B77300DF6646 /* TitleView.swift */; };
		1D24A4112892B9E700DF6646 /* BrandModel.swift in Sources */ = {isa = PBXBuildFile; fileRef = 1D24A4102892B9E700DF6646 /* BrandModel.swift */; };
		1D24A4162892BA0F00DF6646 /* BrandItemView.swift in Sources */ = {isa = PBXBuildFile; fileRef = 1D24A4152892BA0F00DF6646 /* BrandItemView.swift */; };
		1D24A4182892BA1900DF6646 /* BrandGridView.swift in Sources */ = {isa = PBXBuildFile; fileRef = 1D24A4172892BA1900DF6646 /* BrandGridView.swift */; };
		1DA859FE2891709B0001F95E /* TouchdownApp.swift in Sources */ = {isa = PBXBuildFile; fileRef = 1DA859FD2891709B0001F95E /* TouchdownApp.swift */; };
		1DA85A002891709B0001F95E /* ContentView.swift in Sources */ = {isa = PBXBuildFile; fileRef = 1DA859FF2891709B0001F95E /* ContentView.swift */; };
		1DA85A022891709D0001F95E /* Assets.xcassets in Resources */ = {isa = PBXBuildFile; fileRef = 1DA85A012891709D0001F95E /* Assets.xcassets */; };
		1DA85A052891709D0001F95E /* Preview Assets.xcassets in Resources */ = {isa = PBXBuildFile; fileRef = 1DA85A042891709D0001F95E /* Preview Assets.xcassets */; };
		1DA85A0F289173A00001F95E /* category.json in Resources */ = {isa = PBXBuildFile; fileRef = 1DA85A0B289173A00001F95E /* category.json */; };
		1DA85A10289173A00001F95E /* brand.json in Resources */ = {isa = PBXBuildFile; fileRef = 1DA85A0C289173A00001F95E /* brand.json */; };
		1DA85A11289173A00001F95E /* product.json in Resources */ = {isa = PBXBuildFile; fileRef = 1DA85A0D289173A00001F95E /* product.json */; };
		1DA85A12289173A00001F95E /* player.json in Resources */ = {isa = PBXBuildFile; fileRef = 1DA85A0E289173A00001F95E /* player.json */; };
		1DA85A1F289175B40001F95E /* Constant.swift in Sources */ = {isa = PBXBuildFile; fileRef = 1DA85A1E289175B40001F95E /* Constant.swift */; };
		1DA85A212891763E0001F95E /* FooterView.swift in Sources */ = {isa = PBXBuildFile; fileRef = 1DA85A202891763E0001F95E /* FooterView.swift */; };
		1DA85A23289178FA0001F95E /* NavigationBarView.swift in Sources */ = {isa = PBXBuildFile; fileRef = 1DA85A22289178FA0001F95E /* NavigationBarView.swift */; };
		1DA85A25289179BC0001F95E /* LogoView.swift in Sources */ = {isa = PBXBuildFile; fileRef = 1DA85A24289179BC0001F95E /* LogoView.swift */; };
		1DDBFD6A289312F40077BAEC /* NavigationBarDetailView.swift in Sources */ = {isa = PBXBuildFile; fileRef = 1DDBFD69289312F40077BAEC /* NavigationBarDetailView.swift */; };
		1DEF790B2893D70C00BCFCFB /* ProductDetailView.swift in Sources */ = {isa = PBXBuildFile; fileRef = 1DEF790A2893D70C00BCFCFB /* ProductDetailView.swift */; };
		1DEF790F2893D7FE00BCFCFB /* HeaderDetailView.swift in Sources */ = {isa = PBXBuildFile; fileRef = 1DEF790E2893D7FE00BCFCFB /* HeaderDetailView.swift */; };
		1DEF79112893D86E00BCFCFB /* TopPartDetailView.swift in Sources */ = {isa = PBXBuildFile; fileRef = 1DEF79102893D86E00BCFCFB /* TopPartDetailView.swift */; };
		1DEF79132893DB1100BCFCFB /* CustomShape.swift in Sources */ = {isa = PBXBuildFile; fileRef = 1DEF79122893DB1100BCFCFB /* CustomShape.swift */; };
		1DEF79152893DC4100BCFCFB /* RatingSizesDetailView.swift in Sources */ = {isa = PBXBuildFile; fileRef = 1DEF79142893DC4100BCFCFB /* RatingSizesDetailView.swift */; };
		1DEF79172893DE2B00BCFCFB /* QuantityFavouriteDetailView.swift in Sources */ = {isa = PBXBuildFile; fileRef = 1DEF79162893DE2B00BCFCFB /* QuantityFavouriteDetailView.swift */; };
		1DEF79192893DF4D00BCFCFB /* AddToCartDetailView.swift in Sources */ = {isa = PBXBuildFile; fileRef = 1DEF79182893DF4D00BCFCFB /* AddToCartDetailView.swift */; };
		1DEF791B2893E08900BCFCFB /* Shop.swift in Sources */ = {isa = PBXBuildFile; fileRef = 1DEF791A2893E08900BCFCFB /* Shop.swift */; };
/* End PBXBuildFile section */

/* Begin PBXFileReference section */
		1D24A3F8289280A200DF6646 /* PlayerModel.swift */ = {isa = PBXFileReference; lastKnownFileType = sourcecode.swift; path = PlayerModel.swift; sourceTree = "<group>"; };
		1D24A3FA289280C600DF6646 /* CodableBundleExtension.swift */ = {isa = PBXFileReference; lastKnownFileType = sourcecode.swift; path = CodableBundleExtension.swift; sourceTree = "<group>"; };
		1D24A3FC2892823A00DF6646 /* FeaturedItemView.swift */ = {isa = PBXFileReference; lastKnownFileType = sourcecode.swift; path = FeaturedItemView.swift; sourceTree = "<group>"; };
		1D24A3FE289282BC00DF6646 /* FeaturedTabView.swift */ = {isa = PBXFileReference; lastKnownFileType = sourcecode.swift; path = FeaturedTabView.swift; sourceTree = "<group>"; };
		1D24A4002892A8E300DF6646 /* CategoryModel.swift */ = {isa = PBXFileReference; lastKnownFileType = sourcecode.swift; path = CategoryModel.swift; sourceTree = "<group>"; };
		1D24A4022892AC1E00DF6646 /* CategoryItemView.swift */ = {isa = PBXFileReference; lastKnownFileType = sourcecode.swift; path = CategoryItemView.swift; sourceTree = "<group>"; };
		1D24A4042892AEC900DF6646 /* CategoryGridView.swift */ = {isa = PBXFileReference; lastKnownFileType = sourcecode.swift; path = CategoryGridView.swift; sourceTree = "<group>"; };
		1D24A4062892AFE000DF6646 /* SectionView.swift */ = {isa = PBXFileReference; lastKnownFileType = sourcecode.swift; path = SectionView.swift; sourceTree = "<group>"; };
		1D24A4082892B2D600DF6646 /* ProductGridView.swift */ = {isa = PBXFileReference; lastKnownFileType = sourcecode.swift; path = ProductGridView.swift; sourceTree = "<group>"; };
		1D24A40A2892B2ED00DF6646 /* ProductItemView.swift */ = {isa = PBXFileReference; lastKnownFileType = sourcecode.swift; path = ProductItemView.swift; sourceTree = "<group>"; };
		1D24A40C2892B33200DF6646 /* ProductModel.swift */ = {isa = PBXFileReference; lastKnownFileType = sourcecode.swift; path = ProductModel.swift; sourceTree = "<group>"; };
		1D24A40E2892B77300DF6646 /* TitleView.swift */ = {isa = PBXFileReference; lastKnownFileType = sourcecode.swift; path = TitleView.swift; sourceTree = "<group>"; };
		1D24A4102892B9E700DF6646 /* BrandModel.swift */ = {isa = PBXFileReference; lastKnownFileType = sourcecode.swift; path = BrandModel.swift; sourceTree = "<group>"; };
		1D24A4152892BA0F00DF6646 /* BrandItemView.swift */ = {isa = PBXFileReference; lastKnownFileType = sourcecode.swift; path = BrandItemView.swift; sourceTree = "<group>"; };
		1D24A4172892BA1900DF6646 /* BrandGridView.swift */ = {isa = PBXFileReference; lastKnownFileType = sourcecode.swift; path = BrandGridView.swift; sourceTree = "<group>"; };
		1DA859FA2891709B0001F95E /* Touchdown.app */ = {isa = PBXFileReference; explicitFileType = wrapper.application; includeInIndex = 0; path = Touchdown.app; sourceTree = BUILT_PRODUCTS_DIR; };
		1DA859FD2891709B0001F95E /* TouchdownApp.swift */ = {isa = PBXFileReference; lastKnownFileType = sourcecode.swift; path = TouchdownApp.swift; sourceTree = "<group>"; };
		1DA859FF2891709B0001F95E /* ContentView.swift */ = {isa = PBXFileReference; lastKnownFileType = sourcecode.swift; path = ContentView.swift; sourceTree = "<group>"; };
		1DA85A012891709D0001F95E /* Assets.xcassets */ = {isa = PBXFileReference; lastKnownFileType = folder.assetcatalog; path = Assets.xcassets; sourceTree = "<group>"; };
		1DA85A042891709D0001F95E /* Preview Assets.xcassets */ = {isa = PBXFileReference; lastKnownFileType = folder.assetcatalog; path = "Preview Assets.xcassets"; sourceTree = "<group>"; };
		1DA85A0B289173A00001F95E /* category.json */ = {isa = PBXFileReference; fileEncoding = 4; lastKnownFileType = text.json; path = category.json; sourceTree = "<group>"; };
		1DA85A0C289173A00001F95E /* brand.json */ = {isa = PBXFileReference; fileEncoding = 4; lastKnownFileType = text.json; path = brand.json; sourceTree = "<group>"; };
		1DA85A0D289173A00001F95E /* product.json */ = {isa = PBXFileReference; fileEncoding = 4; lastKnownFileType = text.json; path = product.json; sourceTree = "<group>"; };
		1DA85A0E289173A00001F95E /* player.json */ = {isa = PBXFileReference; fileEncoding = 4; lastKnownFileType = text.json; path = player.json; sourceTree = "<group>"; };
		1DA85A14289174010001F95E /* Info.plist */ = {isa = PBXFileReference; lastKnownFileType = text.plist.xml; path = Info.plist; sourceTree = "<group>"; };
		1DA85A1E289175B40001F95E /* Constant.swift */ = {isa = PBXFileReference; lastKnownFileType = sourcecode.swift; path = Constant.swift; sourceTree = "<group>"; };
		1DA85A202891763E0001F95E /* FooterView.swift */ = {isa = PBXFileReference; lastKnownFileType = sourcecode.swift; path = FooterView.swift; sourceTree = "<group>"; };
		1DA85A22289178FA0001F95E /* NavigationBarView.swift */ = {isa = PBXFileReference; lastKnownFileType = sourcecode.swift; path = NavigationBarView.swift; sourceTree = "<group>"; };
		1DA85A24289179BC0001F95E /* LogoView.swift */ = {isa = PBXFileReference; lastKnownFileType = sourcecode.swift; path = LogoView.swift; sourceTree = "<group>"; };
		1DDBFD69289312F40077BAEC /* NavigationBarDetailView.swift */ = {isa = PBXFileReference; lastKnownFileType = sourcecode.swift; path = NavigationBarDetailView.swift; sourceTree = "<group>"; };
		1DEF790A2893D70C00BCFCFB /* ProductDetailView.swift */ = {isa = PBXFileReference; lastKnownFileType = sourcecode.swift; path = ProductDetailView.swift; sourceTree = "<group>"; };
		1DEF790E2893D7FE00BCFCFB /* HeaderDetailView.swift */ = {isa = PBXFileReference; lastKnownFileType = sourcecode.swift; path = HeaderDetailView.swift; sourceTree = "<group>"; };
		1DEF79102893D86E00BCFCFB /* TopPartDetailView.swift */ = {isa = PBXFileReference; lastKnownFileType = sourcecode.swift; path = TopPartDetailView.swift; sourceTree = "<group>"; };
		1DEF79122893DB1100BCFCFB /* CustomShape.swift */ = {isa = PBXFileReference; lastKnownFileType = sourcecode.swift; path = CustomShape.swift; sourceTree = "<group>"; };
		1DEF79142893DC4100BCFCFB /* RatingSizesDetailView.swift */ = {isa = PBXFileReference; lastKnownFileType = sourcecode.swift; path = RatingSizesDetailView.swift; sourceTree = "<group>"; };
		1DEF79162893DE2B00BCFCFB /* QuantityFavouriteDetailView.swift */ = {isa = PBXFileReference; lastKnownFileType = sourcecode.swift; path = QuantityFavouriteDetailView.swift; sourceTree = "<group>"; };
		1DEF79182893DF4D00BCFCFB /* AddToCartDetailView.swift */ = {isa = PBXFileReference; lastKnownFileType = sourcecode.swift; path = AddToCartDetailView.swift; sourceTree = "<group>"; };
		1DEF791A2893E08900BCFCFB /* Shop.swift */ = {isa = PBXFileReference; lastKnownFileType = sourcecode.swift; path = Shop.swift; sourceTree = "<group>"; };
/* End PBXFileReference section */

/* Begin PBXFrameworksBuildPhase section */
		1DA859F72891709B0001F95E /* Frameworks */ = {
			isa = PBXFrameworksBuildPhase;
			buildActionMask = 2147483647;
			files = (
			);
			runOnlyForDeploymentPostprocessing = 0;
		};
/* End PBXFrameworksBuildPhase section */

/* Begin PBXGroup section */
		1DA859F12891709B0001F95E = {
			isa = PBXGroup;
			children = (
				1DA859FC2891709B0001F95E /* Touchdown */,
				1DA859FB2891709B0001F95E /* Products */,
			);
			sourceTree = "<group>";
		};
		1DA859FB2891709B0001F95E /* Products */ = {
			isa = PBXGroup;
			children = (
				1DA859FA2891709B0001F95E /* Touchdown.app */,
			);
			name = Products;
			sourceTree = "<group>";
		};
		1DA859FC2891709B0001F95E /* Touchdown */ = {
			isa = PBXGroup;
			children = (
				1DA85A16289174710001F95E /* App */,
				1DA85A13289173D80001F95E /* Data */,
				1DA85A1A289174900001F95E /* Extension */,
				1DA85A192891748C0001F95E /* Model */,
				1DA85A032891709D0001F95E /* Preview Content */,
				1DA85A1B289174940001F95E /* Utility */,
				1DA85A152891746D0001F95E /* View */,
				1DA85A012891709D0001F95E /* Assets.xcassets */,
				1DA85A14289174010001F95E /* Info.plist */,
			);
			path = Touchdown;
			sourceTree = "<group>";
		};
		1DA85A032891709D0001F95E /* Preview Content */ = {
			isa = PBXGroup;
			children = (
				1DA85A042891709D0001F95E /* Preview Assets.xcassets */,
			);
			path = "Preview Content";
			sourceTree = "<group>";
		};
		1DA85A13289173D80001F95E /* Data */ = {
			isa = PBXGroup;
			children = (
				1DA85A0C289173A00001F95E /* brand.json */,
				1DA85A0B289173A00001F95E /* category.json */,
				1DA85A0E289173A00001F95E /* player.json */,
				1DA85A0D289173A00001F95E /* product.json */,
			);
			path = Data;
			sourceTree = "<group>";
		};
		1DA85A152891746D0001F95E /* View */ = {
			isa = PBXGroup;
			children = (
				1DA85A172891747A0001F95E /* Home */,
				1DA85A18289174840001F95E /* Detail */,
			);
			path = View;
			sourceTree = "<group>";
		};
		1DA85A16289174710001F95E /* App */ = {
			isa = PBXGroup;
			children = (
				1DA859FD2891709B0001F95E /* TouchdownApp.swift */,
				1DA859FF2891709B0001F95E /* ContentView.swift */,
				1DEF790A2893D70C00BCFCFB /* ProductDetailView.swift */,
			);
			path = App;
			sourceTree = "<group>";
		};
		1DA85A172891747A0001F95E /* Home */ = {
			isa = PBXGroup;
			children = (
				1DA85A202891763E0001F95E /* FooterView.swift */,
				1DA85A22289178FA0001F95E /* NavigationBarView.swift */,
				1DA85A24289179BC0001F95E /* LogoView.swift */,
				1D24A3FC2892823A00DF6646 /* FeaturedItemView.swift */,
				1D24A3FE289282BC00DF6646 /* FeaturedTabView.swift */,
				1D24A4022892AC1E00DF6646 /* CategoryItemView.swift */,
				1D24A4042892AEC900DF6646 /* CategoryGridView.swift */,
				1D24A4082892B2D600DF6646 /* ProductGridView.swift */,
				1D24A40A2892B2ED00DF6646 /* ProductItemView.swift */,
				1D24A40E2892B77300DF6646 /* TitleView.swift */,
				1D24A4152892BA0F00DF6646 /* BrandItemView.swift */,
				1D24A4172892BA1900DF6646 /* BrandGridView.swift */,
				1D24A4062892AFE000DF6646 /* SectionView.swift */,
			);
			path = Home;
			sourceTree = "<group>";
		};
		1DA85A18289174840001F95E /* Detail */ = {
			isa = PBXGroup;
			children = (
				1DDBFD69289312F40077BAEC /* NavigationBarDetailView.swift */,
				1DEF79162893DE2B00BCFCFB /* QuantityFavouriteDetailView.swift */,
				1DEF79102893D86E00BCFCFB /* TopPartDetailView.swift */,
				1DEF790E2893D7FE00BCFCFB /* HeaderDetailView.swift */,
				1DEF79142893DC4100BCFCFB /* RatingSizesDetailView.swift */,
				1DEF79182893DF4D00BCFCFB /* AddToCartDetailView.swift */,
			);
			path = Detail;
			sourceTree = "<group>";
		};
		1DA85A192891748C0001F95E /* Model */ = {
			isa = PBXGroup;
			children = (
				1D24A3F8289280A200DF6646 /* PlayerModel.swift */,
				1D24A4002892A8E300DF6646 /* CategoryModel.swift */,
				1D24A40C2892B33200DF6646 /* ProductModel.swift */,
				1D24A4102892B9E700DF6646 /* BrandModel.swift */,
			);
			path = Model;
			sourceTree = "<group>";
		};
		1DA85A1A289174900001F95E /* Extension */ = {
			isa = PBXGroup;
			children = (
				1D24A3FA289280C600DF6646 /* CodableBundleExtension.swift */,
			);
			path = Extension;
			sourceTree = "<group>";
		};
		1DA85A1B289174940001F95E /* Utility */ = {
			isa = PBXGroup;
			children = (
				1DA85A1E289175B40001F95E /* Constant.swift */,
				1DEF79122893DB1100BCFCFB /* CustomShape.swift */,
				1DEF791A2893E08900BCFCFB /* Shop.swift */,
			);
			path = Utility;
			sourceTree = "<group>";
		};
/* End PBXGroup section */

/* Begin PBXNativeTarget section */
		1DA859F92891709B0001F95E /* Touchdown */ = {
			isa = PBXNativeTarget;
			buildConfigurationList = 1DA85A082891709D0001F95E /* Build configuration list for PBXNativeTarget "Touchdown" */;
			buildPhases = (
				1DA859F62891709B0001F95E /* Sources */,
				1DA859F72891709B0001F95E /* Frameworks */,
				1DA859F82891709B0001F95E /* Resources */,
			);
			buildRules = (
			);
			dependencies = (
			);
			name = Touchdown;
			productName = Touchdown;
			productReference = 1DA859FA2891709B0001F95E /* Touchdown.app */;
			productType = "com.apple.product-type.application";
		};
/* End PBXNativeTarget section */

/* Begin PBXProject section */
		1DA859F22891709B0001F95E /* Project object */ = {
			isa = PBXProject;
			attributes = {
				BuildIndependentTargetsInParallel = 1;
				LastSwiftUpdateCheck = 1400;
				LastUpgradeCheck = 1400;
				TargetAttributes = {
					1DA859F92891709B0001F95E = {
						CreatedOnToolsVersion = 14.0;
					};
				};
			};
			buildConfigurationList = 1DA859F52891709B0001F95E /* Build configuration list for PBXProject "Touchdown" */;
			compatibilityVersion = "Xcode 14.0";
			developmentRegion = en;
			hasScannedForEncodings = 0;
			knownRegions = (
				en,
				Base,
			);
			mainGroup = 1DA859F12891709B0001F95E;
			productRefGroup = 1DA859FB2891709B0001F95E /* Products */;
			projectDirPath = "";
			projectRoot = "";
			targets = (
				1DA859F92891709B0001F95E /* Touchdown */,
			);
		};
/* End PBXProject section */

/* Begin PBXResourcesBuildPhase section */
		1DA859F82891709B0001F95E /* Resources */ = {
			isa = PBXResourcesBuildPhase;
			buildActionMask = 2147483647;
			files = (
				1DA85A12289173A00001F95E /* player.json in Resources */,
				1DA85A0F289173A00001F95E /* category.json in Resources */,
				1DA85A10289173A00001F95E /* brand.json in Resources */,
				1DA85A052891709D0001F95E /* Preview Assets.xcassets in Resources */,
				1DA85A022891709D0001F95E /* Assets.xcassets in Resources */,
				1DA85A11289173A00001F95E /* product.json in Resources */,
			);
			runOnlyForDeploymentPostprocessing = 0;
		};
/* End PBXResourcesBuildPhase section */

/* Begin PBXSourcesBuildPhase section */
		1DA859F62891709B0001F95E /* Sources */ = {
			isa = PBXSourcesBuildPhase;
			buildActionMask = 2147483647;
			files = (
				1D24A3FB289280C600DF6646 /* CodableBundleExtension.swift in Sources */,
				1DA85A002891709B0001F95E /* ContentView.swift in Sources */,
				1DA85A25289179BC0001F95E /* LogoView.swift in Sources */,
				1DEF791B2893E08900BCFCFB /* Shop.swift in Sources */,
				1D24A40D2892B33200DF6646 /* ProductModel.swift in Sources */,
				1DDBFD6A289312F40077BAEC /* NavigationBarDetailView.swift in Sources */,
				1DA85A212891763E0001F95E /* FooterView.swift in Sources */,
				1DEF79172893DE2B00BCFCFB /* QuantityFavouriteDetailView.swift in Sources */,
				1D24A40F2892B77300DF6646 /* TitleView.swift in Sources */,
				1D24A3FD2892823A00DF6646 /* FeaturedItemView.swift in Sources */,
				1DEF790F2893D7FE00BCFCFB /* HeaderDetailView.swift in Sources */,
				1DEF79192893DF4D00BCFCFB /* AddToCartDetailView.swift in Sources */,
				1DEF79112893D86E00BCFCFB /* TopPartDetailView.swift in Sources */,
				1D24A4182892BA1900DF6646 /* BrandGridView.swift in Sources */,
				1DA859FE2891709B0001F95E /* TouchdownApp.swift in Sources */,
				1DEF79132893DB1100BCFCFB /* CustomShape.swift in Sources */,
				1DA85A1F289175B40001F95E /* Constant.swift in Sources */,
				1D24A4092892B2D600DF6646 /* ProductGridView.swift in Sources */,
				1D24A4052892AEC900DF6646 /* CategoryGridView.swift in Sources */,
				1D24A4012892A8E300DF6646 /* CategoryModel.swift in Sources */,
				1DA85A23289178FA0001F95E /* NavigationBarView.swift in Sources */,
				1DEF79152893DC4100BCFCFB /* RatingSizesDetailView.swift in Sources */,
				1D24A40B2892B2ED00DF6646 /* ProductItemView.swift in Sources */,
				1DEF790B2893D70C00BCFCFB /* ProductDetailView.swift in Sources */,
				1D24A4072892AFE000DF6646 /* SectionView.swift in Sources */,
				1D24A4162892BA0F00DF6646 /* BrandItemView.swift in Sources */,
				1D24A4032892AC1E00DF6646 /* CategoryItemView.swift in Sources */,
				1D24A3FF289282BC00DF6646 /* FeaturedTabView.swift in Sources */,
				1D24A3F9289280A200DF6646 /* PlayerModel.swift in Sources */,
				1D24A4112892B9E700DF6646 /* BrandModel.swift in Sources */,
			);
			runOnlyForDeploymentPostprocessing = 0;
		};
/* End PBXSourcesBuildPhase section */

/* Begin XCBuildConfiguration section */
		1DA85A062891709D0001F95E /* Debug */ = {
			isa = XCBuildConfiguration;
			buildSettings = {
				ALWAYS_SEARCH_USER_PATHS = NO;
				CLANG_ANALYZER_NONNULL = YES;
				CLANG_ANALYZER_NUMBER_OBJECT_CONVERSION = YES_AGGRESSIVE;
				CLANG_CXX_LANGUAGE_STANDARD = "gnu++20";
				CLANG_ENABLE_MODULES = YES;
				CLANG_ENABLE_OBJC_ARC = YES;
				CLANG_ENABLE_OBJC_WEAK = YES;
				CLANG_WARN_BLOCK_CAPTURE_AUTORELEASING = YES;
				CLANG_WARN_BOOL_CONVERSION = YES;
				CLANG_WARN_COMMA = YES;
				CLANG_WARN_CONSTANT_CONVERSION = YES;
				CLANG_WARN_DEPRECATED_OBJC_IMPLEMENTATIONS = YES;
				CLANG_WARN_DIRECT_OBJC_ISA_USAGE = YES_ERROR;
				CLANG_WARN_DOCUMENTATION_COMMENTS = YES;
				CLANG_WARN_EMPTY_BODY = YES;
				CLANG_WARN_ENUM_CONVERSION = YES;
				CLANG_WARN_INFINITE_RECURSION = YES;
				CLANG_WARN_INT_CONVERSION = YES;
				CLANG_WARN_NON_LITERAL_NULL_CONVERSION = YES;
				CLANG_WARN_OBJC_IMPLICIT_RETAIN_SELF = YES;
				CLANG_WARN_OBJC_LITERAL_CONVERSION = YES;
				CLANG_WARN_OBJC_ROOT_CLASS = YES_ERROR;
				CLANG_WARN_QUOTED_INCLUDE_IN_FRAMEWORK_HEADER = YES;
				CLANG_WARN_RANGE_LOOP_ANALYSIS = YES;
				CLANG_WARN_STRICT_PROTOTYPES = YES;
				CLANG_WARN_SUSPICIOUS_MOVE = YES;
				CLANG_WARN_UNGUARDED_AVAILABILITY = YES_AGGRESSIVE;
				CLANG_WARN_UNREACHABLE_CODE = YES;
				CLANG_WARN__DUPLICATE_METHOD_MATCH = YES;
				COPY_PHASE_STRIP = NO;
				DEBUG_INFORMATION_FORMAT = dwarf;
				ENABLE_STRICT_OBJC_MSGSEND = YES;
				ENABLE_TESTABILITY = YES;
				GCC_C_LANGUAGE_STANDARD = gnu11;
				GCC_DYNAMIC_NO_PIC = NO;
				GCC_NO_COMMON_BLOCKS = YES;
				GCC_OPTIMIZATION_LEVEL = 0;
				GCC_PREPROCESSOR_DEFINITIONS = (
					"DEBUG=1",
					"$(inherited)",
				);
				GCC_WARN_64_TO_32_BIT_CONVERSION = YES;
				GCC_WARN_ABOUT_RETURN_TYPE = YES_ERROR;
				GCC_WARN_UNDECLARED_SELECTOR = YES;
				GCC_WARN_UNINITIALIZED_AUTOS = YES_AGGRESSIVE;
				GCC_WARN_UNUSED_FUNCTION = YES;
				GCC_WARN_UNUSED_VARIABLE = YES;
				IPHONEOS_DEPLOYMENT_TARGET = 15.0;
				MTL_ENABLE_DEBUG_INFO = INCLUDE_SOURCE;
				MTL_FAST_MATH = YES;
				ONLY_ACTIVE_ARCH = YES;
				SDKROOT = iphoneos;
				SWIFT_ACTIVE_COMPILATION_CONDITIONS = DEBUG;
				SWIFT_OPTIMIZATION_LEVEL = "-Onone";
			};
			name = Debug;
		};
		1DA85A072891709D0001F95E /* Release */ = {
			isa = XCBuildConfiguration;
			buildSettings = {
				ALWAYS_SEARCH_USER_PATHS = NO;
				CLANG_ANALYZER_NONNULL = YES;
				CLANG_ANALYZER_NUMBER_OBJECT_CONVERSION = YES_AGGRESSIVE;
				CLANG_CXX_LANGUAGE_STANDARD = "gnu++20";
				CLANG_ENABLE_MODULES = YES;
				CLANG_ENABLE_OBJC_ARC = YES;
				CLANG_ENABLE_OBJC_WEAK = YES;
				CLANG_WARN_BLOCK_CAPTURE_AUTORELEASING = YES;
				CLANG_WARN_BOOL_CONVERSION = YES;
				CLANG_WARN_COMMA = YES;
				CLANG_WARN_CONSTANT_CONVERSION = YES;
				CLANG_WARN_DEPRECATED_OBJC_IMPLEMENTATIONS = YES;
				CLANG_WARN_DIRECT_OBJC_ISA_USAGE = YES_ERROR;
				CLANG_WARN_DOCUMENTATION_COMMENTS = YES;
				CLANG_WARN_EMPTY_BODY = YES;
				CLANG_WARN_ENUM_CONVERSION = YES;
				CLANG_WARN_INFINITE_RECURSION = YES;
				CLANG_WARN_INT_CONVERSION = YES;
				CLANG_WARN_NON_LITERAL_NULL_CONVERSION = YES;
				CLANG_WARN_OBJC_IMPLICIT_RETAIN_SELF = YES;
				CLANG_WARN_OBJC_LITERAL_CONVERSION = YES;
				CLANG_WARN_OBJC_ROOT_CLASS = YES_ERROR;
				CLANG_WARN_QUOTED_INCLUDE_IN_FRAMEWORK_HEADER = YES;
				CLANG_WARN_RANGE_LOOP_ANALYSIS = YES;
				CLANG_WARN_STRICT_PROTOTYPES = YES;
				CLANG_WARN_SUSPICIOUS_MOVE = YES;
				CLANG_WARN_UNGUARDED_AVAILABILITY = YES_AGGRESSIVE;
				CLANG_WARN_UNREACHABLE_CODE = YES;
				CLANG_WARN__DUPLICATE_METHOD_MATCH = YES;
				COPY_PHASE_STRIP = NO;
				DEBUG_INFORMATION_FORMAT = "dwarf-with-dsym";
				ENABLE_NS_ASSERTIONS = NO;
				ENABLE_STRICT_OBJC_MSGSEND = YES;
				GCC_C_LANGUAGE_STANDARD = gnu11;
				GCC_NO_COMMON_BLOCKS = YES;
				GCC_WARN_64_TO_32_BIT_CONVERSION = YES;
				GCC_WARN_ABOUT_RETURN_TYPE = YES_ERROR;
				GCC_WARN_UNDECLARED_SELECTOR = YES;
				GCC_WARN_UNINITIALIZED_AUTOS = YES_AGGRESSIVE;
				GCC_WARN_UNUSED_FUNCTION = YES;
				GCC_WARN_UNUSED_VARIABLE = YES;
				IPHONEOS_DEPLOYMENT_TARGET = 15.0;
				MTL_ENABLE_DEBUG_INFO = NO;
				MTL_FAST_MATH = YES;
				SDKROOT = iphoneos;
				SWIFT_COMPILATION_MODE = wholemodule;
				SWIFT_OPTIMIZATION_LEVEL = "-O";
				VALIDATE_PRODUCT = YES;
			};
			name = Release;
		};
		1DA85A092891709D0001F95E /* Debug */ = {
			isa = XCBuildConfiguration;
			buildSettings = {
				ASSETCATALOG_COMPILER_APPICON_NAME = AppIcon;
				ASSETCATALOG_COMPILER_GLOBAL_ACCENT_COLOR_NAME = AccentColor;
				CODE_SIGN_STYLE = Automatic;
				CURRENT_PROJECT_VERSION = 1;
				DEVELOPMENT_ASSET_PATHS = "\"Touchdown/Preview Content\"";
				DEVELOPMENT_TEAM = K64M8673AP;
				ENABLE_PREVIEWS = YES;
				GENERATE_INFOPLIST_FILE = YES;
				INFOPLIST_FILE = Touchdown/Info.plist;
				INFOPLIST_KEY_UIApplicationSceneManifest_Generation = YES;
				INFOPLIST_KEY_UIApplicationSupportsIndirectInputEvents = YES;
				INFOPLIST_KEY_UISupportedInterfaceOrientations = UIInterfaceOrientationPortrait;
				INFOPLIST_KEY_UIUserInterfaceStyle = Light;
				IPHONEOS_DEPLOYMENT_TARGET = 15.0;
				LD_RUNPATH_SEARCH_PATHS = (
					"$(inherited)",
					"@executable_path/Frameworks",
				);
				MARKETING_VERSION = 1.0;
				PRODUCT_BUNDLE_IDENTIFIER = com.jasursalimov.Touchdown;
				PRODUCT_NAME = "$(TARGET_NAME)";
				SUPPORTED_PLATFORMS = "iphoneos iphonesimulator";
				SUPPORTS_MACCATALYST = NO;
				SUPPORTS_MAC_DESIGNED_FOR_IPHONE_IPAD = NO;
				SWIFT_EMIT_LOC_STRINGS = YES;
				SWIFT_VERSION = 5.0;
				TARGETED_DEVICE_FAMILY = "1,2";
			};
			name = Debug;
		};
		1DA85A0A2891709D0001F95E /* Release */ = {
			isa = XCBuildConfiguration;
			buildSettings = {
				ASSETCATALOG_COMPILER_APPICON_NAME = AppIcon;
				ASSETCATALOG_COMPILER_GLOBAL_ACCENT_COLOR_NAME = AccentColor;
				CODE_SIGN_STYLE = Automatic;
				CURRENT_PROJECT_VERSION = 1;
				DEVELOPMENT_ASSET_PATHS = "\"Touchdown/Preview Content\"";
				DEVELOPMENT_TEAM = K64M8673AP;
				ENABLE_PREVIEWS = YES;
				GENERATE_INFOPLIST_FILE = YES;
				INFOPLIST_FILE = Touchdown/Info.plist;
				INFOPLIST_KEY_UIApplicationSceneManifest_Generation = YES;
				INFOPLIST_KEY_UIApplicationSupportsIndirectInputEvents = YES;
				INFOPLIST_KEY_UISupportedInterfaceOrientations = UIInterfaceOrientationPortrait;
				INFOPLIST_KEY_UIUserInterfaceStyle = Light;
				IPHONEOS_DEPLOYMENT_TARGET = 15.0;
				LD_RUNPATH_SEARCH_PATHS = (
					"$(inherited)",
					"@executable_path/Frameworks",
				);
				MARKETING_VERSION = 1.0;
				PRODUCT_BUNDLE_IDENTIFIER = com.jasursalimov.Touchdown;
				PRODUCT_NAME = "$(TARGET_NAME)";
				SUPPORTED_PLATFORMS = "iphoneos iphonesimulator";
				SUPPORTS_MACCATALYST = NO;
				SUPPORTS_MAC_DESIGNED_FOR_IPHONE_IPAD = NO;
				SWIFT_EMIT_LOC_STRINGS = YES;
				SWIFT_VERSION = 5.0;
				TARGETED_DEVICE_FAMILY = "1,2";
			};
			name = Release;
		};
/* End XCBuildConfiguration section */

/* Begin XCConfigurationList section */
		1DA859F52891709B0001F95E /* Build configuration list for PBXProject "Touchdown" */ = {
			isa = XCConfigurationList;
			buildConfigurations = (
				1DA85A062891709D0001F95E /* Debug */,
				1DA85A072891709D0001F95E /* Release */,
			);
			defaultConfigurationIsVisible = 0;
			defaultConfigurationName = Release;
		};
		1DA85A082891709D0001F95E /* Build configuration list for PBXNativeTarget "Touchdown" */ = {
			isa = XCConfigurationList;
			buildConfigurations = (
				1DA85A092891709D0001F95E /* Debug */,
				1DA85A0A2891709D0001F95E /* Release */,
			);
			defaultConfigurationIsVisible = 0;
			defaultConfigurationName = Release;
		};
/* End XCConfigurationList section */
	};
	rootObject = 1DA859F22891709B0001F95E /* Project object */;
}
