// !$*UTF8*$!
{
	archiveVersion = 1;
	classes = {
	};
	objectVersion = 55;
	objects = {

/* Begin PBXBuildFile section */
		1D0B5A4E288135B2000CED3E /* FruitsApp.swift in Sources */ = {isa = PBXBuildFile; fileRef = 1D0B5A4D288135B2000CED3E /* FruitsApp.swift */; };
		1D0B5A50288135B2000CED3E /* ContentView.swift in Sources */ = {isa = PBXBuildFile; fileRef = 1D0B5A4F288135B2000CED3E /* ContentView.swift */; };
		1D0B5A52288135B3000CED3E /* Assets.xcassets in Resources */ = {isa = PBXBuildFile; fileRef = 1D0B5A51288135B3000CED3E /* Assets.xcassets */; };
		1D0B5A55288135B3000CED3E /* Preview Assets.xcassets in Resources */ = {isa = PBXBuildFile; fileRef = 1D0B5A54288135B3000CED3E /* Preview Assets.xcassets */; };
		1D0B5A5D2881392D000CED3E /* FruitsData.txt in Resources */ = {isa = PBXBuildFile; fileRef = 1D0B5A5C2881392D000CED3E /* FruitsData.txt */; };
		1D0B5A6428818919000CED3E /* FruitCardView.swift in Sources */ = {isa = PBXBuildFile; fileRef = 1D0B5A6328818919000CED3E /* FruitCardView.swift */; };
		1D0B5A6628818C17000CED3E /* StartButtonView.swift in Sources */ = {isa = PBXBuildFile; fileRef = 1D0B5A6528818C17000CED3E /* StartButtonView.swift */; };
		1D0D3D1028819284000C5110 /* OnboardingView.swift in Sources */ = {isa = PBXBuildFile; fileRef = 1D0D3D0F28819284000C5110 /* OnboardingView.swift */; };
		1D0D3D132881943A000C5110 /* FruitsModel.swift in Sources */ = {isa = PBXBuildFile; fileRef = 1D0D3D122881943A000C5110 /* FruitsModel.swift */; };
		1D0D3D1628819520000C5110 /* FruitData.swift in Sources */ = {isa = PBXBuildFile; fileRef = 1D0D3D1528819520000C5110 /* FruitData.swift */; };
		1D0D3D1828819DCD000C5110 /* FruitRowView.swift in Sources */ = {isa = PBXBuildFile; fileRef = 1D0D3D1728819DCD000C5110 /* FruitRowView.swift */; };
		1D0D3D1A2881A11B000C5110 /* FruitDetailView.swift in Sources */ = {isa = PBXBuildFile; fileRef = 1D0D3D192881A11B000C5110 /* FruitDetailView.swift */; };
		1D0D3D1C2881A434000C5110 /* FruitHeaderView.swift in Sources */ = {isa = PBXBuildFile; fileRef = 1D0D3D1B2881A434000C5110 /* FruitHeaderView.swift */; };
		1D0D3D202881A66F000C5110 /* SourceLinkView.swift in Sources */ = {isa = PBXBuildFile; fileRef = 1D0D3D1F2881A66F000C5110 /* SourceLinkView.swift */; };
		1D0D3D222881A914000C5110 /* FruitNutrientsView.swift in Sources */ = {isa = PBXBuildFile; fileRef = 1D0D3D212881A914000C5110 /* FruitNutrientsView.swift */; };
		1D0D3D242881AC4C000C5110 /* SettingsView.swift in Sources */ = {isa = PBXBuildFile; fileRef = 1D0D3D232881AC4C000C5110 /* SettingsView.swift */; };
		1D45607E2882B3080086A0CE /* SettingsLabelView.swift in Sources */ = {isa = PBXBuildFile; fileRef = 1D45607D2882B3080086A0CE /* SettingsLabelView.swift */; };
		1DA849FA2882B8A40083C4B8 /* SettingsRowView.swift in Sources */ = {isa = PBXBuildFile; fileRef = 1DA849F92882B8A40083C4B8 /* SettingsRowView.swift */; };
/* End PBXBuildFile section */

/* Begin PBXFileReference section */
		1D0B5A4A288135B2000CED3E /* Fruits.app */ = {isa = PBXFileReference; explicitFileType = wrapper.application; includeInIndex = 0; path = Fruits.app; sourceTree = BUILT_PRODUCTS_DIR; };
		1D0B5A4D288135B2000CED3E /* FruitsApp.swift */ = {isa = PBXFileReference; lastKnownFileType = sourcecode.swift; path = FruitsApp.swift; sourceTree = "<group>"; };
		1D0B5A4F288135B2000CED3E /* ContentView.swift */ = {isa = PBXFileReference; lastKnownFileType = sourcecode.swift; path = ContentView.swift; sourceTree = "<group>"; };
		1D0B5A51288135B3000CED3E /* Assets.xcassets */ = {isa = PBXFileReference; lastKnownFileType = folder.assetcatalog; path = Assets.xcassets; sourceTree = "<group>"; };
		1D0B5A54288135B3000CED3E /* Preview Assets.xcassets */ = {isa = PBXFileReference; lastKnownFileType = folder.assetcatalog; path = "Preview Assets.xcassets"; sourceTree = "<group>"; };
		1D0B5A5B28813736000CED3E /* Info.plist */ = {isa = PBXFileReference; lastKnownFileType = text.plist; path = Info.plist; sourceTree = "<group>"; };
		1D0B5A5C2881392D000CED3E /* FruitsData.txt */ = {isa = PBXFileReference; fileEncoding = 4; lastKnownFileType = text; path = FruitsData.txt; sourceTree = "<group>"; };
		1D0B5A6328818919000CED3E /* FruitCardView.swift */ = {isa = PBXFileReference; lastKnownFileType = sourcecode.swift; path = FruitCardView.swift; sourceTree = "<group>"; };
		1D0B5A6528818C17000CED3E /* StartButtonView.swift */ = {isa = PBXFileReference; lastKnownFileType = sourcecode.swift; path = StartButtonView.swift; sourceTree = "<group>"; };
		1D0D3D0F28819284000C5110 /* OnboardingView.swift */ = {isa = PBXFileReference; lastKnownFileType = sourcecode.swift; path = OnboardingView.swift; sourceTree = "<group>"; };
		1D0D3D122881943A000C5110 /* FruitsModel.swift */ = {isa = PBXFileReference; lastKnownFileType = sourcecode.swift; path = FruitsModel.swift; sourceTree = "<group>"; };
		1D0D3D1528819520000C5110 /* FruitData.swift */ = {isa = PBXFileReference; lastKnownFileType = sourcecode.swift; path = FruitData.swift; sourceTree = "<group>"; };
		1D0D3D1728819DCD000C5110 /* FruitRowView.swift */ = {isa = PBXFileReference; lastKnownFileType = sourcecode.swift; path = FruitRowView.swift; sourceTree = "<group>"; };
		1D0D3D192881A11B000C5110 /* FruitDetailView.swift */ = {isa = PBXFileReference; lastKnownFileType = sourcecode.swift; path = FruitDetailView.swift; sourceTree = "<group>"; };
		1D0D3D1B2881A434000C5110 /* FruitHeaderView.swift */ = {isa = PBXFileReference; lastKnownFileType = sourcecode.swift; path = FruitHeaderView.swift; sourceTree = "<group>"; };
		1D0D3D1F2881A66F000C5110 /* SourceLinkView.swift */ = {isa = PBXFileReference; lastKnownFileType = sourcecode.swift; path = SourceLinkView.swift; sourceTree = "<group>"; };
		1D0D3D212881A914000C5110 /* FruitNutrientsView.swift */ = {isa = PBXFileReference; lastKnownFileType = sourcecode.swift; path = FruitNutrientsView.swift; sourceTree = "<group>"; };
		1D0D3D232881AC4C000C5110 /* SettingsView.swift */ = {isa = PBXFileReference; lastKnownFileType = sourcecode.swift; path = SettingsView.swift; sourceTree = "<group>"; };
		1D45607D2882B3080086A0CE /* SettingsLabelView.swift */ = {isa = PBXFileReference; lastKnownFileType = sourcecode.swift; path = SettingsLabelView.swift; sourceTree = "<group>"; };
		1DA849F92882B8A40083C4B8 /* SettingsRowView.swift */ = {isa = PBXFileReference; lastKnownFileType = sourcecode.swift; path = SettingsRowView.swift; sourceTree = "<group>"; };
/* End PBXFileReference section */

/* Begin PBXFrameworksBuildPhase section */
		1D0B5A47288135B2000CED3E /* Frameworks */ = {
			isa = PBXFrameworksBuildPhase;
			buildActionMask = 2147483647;
			files = (
			);
			runOnlyForDeploymentPostprocessing = 0;
		};
/* End PBXFrameworksBuildPhase section */

/* Begin PBXGroup section */
		1D0B5A41288135B2000CED3E = {
			isa = PBXGroup;
			children = (
				1D0B5A4C288135B2000CED3E /* Fruits */,
				1D0B5A4B288135B2000CED3E /* Products */,
			);
			sourceTree = "<group>";
		};
		1D0B5A4B288135B2000CED3E /* Products */ = {
			isa = PBXGroup;
			children = (
				1D0B5A4A288135B2000CED3E /* Fruits.app */,
			);
			name = Products;
			sourceTree = "<group>";
		};
		1D0B5A4C288135B2000CED3E /* Fruits */ = {
			isa = PBXGroup;
			children = (
				1D0B5A5B28813736000CED3E /* Info.plist */,
				1D0D3D142881950B000C5110 /* Data */,
				1D0D3D1128819425000C5110 /* Model */,
				1D0B5A62288188A1000CED3E /* View */,
				1D0B5A602881885C000CED3E /* App */,
				1D0B5A5C2881392D000CED3E /* FruitsData.txt */,
				1D0B5A51288135B3000CED3E /* Assets.xcassets */,
				1D0B5A53288135B3000CED3E /* Preview Content */,
			);
			path = Fruits;
			sourceTree = "<group>";
		};
		1D0B5A53288135B3000CED3E /* Preview Content */ = {
			isa = PBXGroup;
			children = (
				1D0B5A54288135B3000CED3E /* Preview Assets.xcassets */,
			);
			path = "Preview Content";
			sourceTree = "<group>";
		};
		1D0B5A602881885C000CED3E /* App */ = {
			isa = PBXGroup;
			children = (
				1D0B5A4D288135B2000CED3E /* FruitsApp.swift */,
				1D0B5A4F288135B2000CED3E /* ContentView.swift */,
				1D0D3D0F28819284000C5110 /* OnboardingView.swift */,
				1D0D3D192881A11B000C5110 /* FruitDetailView.swift */,
				1D0D3D232881AC4C000C5110 /* SettingsView.swift */,
			);
			path = App;
			sourceTree = "<group>";
		};
		1D0B5A62288188A1000CED3E /* View */ = {
			isa = PBXGroup;
			children = (
				1D0B5A6328818919000CED3E /* FruitCardView.swift */,
				1D0B5A6528818C17000CED3E /* StartButtonView.swift */,
				1D0D3D1728819DCD000C5110 /* FruitRowView.swift */,
				1D0D3D1B2881A434000C5110 /* FruitHeaderView.swift */,
				1D0D3D1F2881A66F000C5110 /* SourceLinkView.swift */,
				1D0D3D212881A914000C5110 /* FruitNutrientsView.swift */,
				1D45607D2882B3080086A0CE /* SettingsLabelView.swift */,
				1DA849F92882B8A40083C4B8 /* SettingsRowView.swift */,
			);
			path = View;
			sourceTree = "<group>";
		};
		1D0D3D1128819425000C5110 /* Model */ = {
			isa = PBXGroup;
			children = (
				1D0D3D122881943A000C5110 /* FruitsModel.swift */,
			);
			path = Model;
			sourceTree = "<group>";
		};
		1D0D3D142881950B000C5110 /* Data */ = {
			isa = PBXGroup;
			children = (
				1D0D3D1528819520000C5110 /* FruitData.swift */,
			);
			path = Data;
			sourceTree = "<group>";
		};
/* End PBXGroup section */

/* Begin PBXNativeTarget section */
		1D0B5A49288135B2000CED3E /* Fruits */ = {
			isa = PBXNativeTarget;
			buildConfigurationList = 1D0B5A58288135B3000CED3E /* Build configuration list for PBXNativeTarget "Fruits" */;
			buildPhases = (
				1D0B5A46288135B2000CED3E /* Sources */,
				1D0B5A47288135B2000CED3E /* Frameworks */,
				1D0B5A48288135B2000CED3E /* Resources */,
			);
			buildRules = (
			);
			dependencies = (
			);
			name = Fruits;
			productName = Fruits;
			productReference = 1D0B5A4A288135B2000CED3E /* Fruits.app */;
			productType = "com.apple.product-type.application";
		};
/* End PBXNativeTarget section */

/* Begin PBXProject section */
		1D0B5A42288135B2000CED3E /* Project object */ = {
			isa = PBXProject;
			attributes = {
				BuildIndependentTargetsInParallel = 1;
				LastSwiftUpdateCheck = 1340;
				LastUpgradeCheck = 1340;
				TargetAttributes = {
					1D0B5A49288135B2000CED3E = {
						CreatedOnToolsVersion = 13.4.1;
					};
				};
			};
			buildConfigurationList = 1D0B5A45288135B2000CED3E /* Build configuration list for PBXProject "Fruits" */;
			compatibilityVersion = "Xcode 13.0";
			developmentRegion = en;
			hasScannedForEncodings = 0;
			knownRegions = (
				en,
				Base,
			);
			mainGroup = 1D0B5A41288135B2000CED3E;
			productRefGroup = 1D0B5A4B288135B2000CED3E /* Products */;
			projectDirPath = "";
			projectRoot = "";
			targets = (
				1D0B5A49288135B2000CED3E /* Fruits */,
			);
		};
/* End PBXProject section */

/* Begin PBXResourcesBuildPhase section */
		1D0B5A48288135B2000CED3E /* Resources */ = {
			isa = PBXResourcesBuildPhase;
			buildActionMask = 2147483647;
			files = (
				1D0B5A55288135B3000CED3E /* Preview Assets.xcassets in Resources */,
				1D0B5A52288135B3000CED3E /* Assets.xcassets in Resources */,
				1D0B5A5D2881392D000CED3E /* FruitsData.txt in Resources */,
			);
			runOnlyForDeploymentPostprocessing = 0;
		};
/* End PBXResourcesBuildPhase section */

/* Begin PBXSourcesBuildPhase section */
		1D0B5A46288135B2000CED3E /* Sources */ = {
			isa = PBXSourcesBuildPhase;
			buildActionMask = 2147483647;
			files = (
				1D0D3D1628819520000C5110 /* FruitData.swift in Sources */,
				1D0D3D202881A66F000C5110 /* SourceLinkView.swift in Sources */,
				1DA849FA2882B8A40083C4B8 /* SettingsRowView.swift in Sources */,
				1D0B5A6428818919000CED3E /* FruitCardView.swift in Sources */,
				1D0D3D1828819DCD000C5110 /* FruitRowView.swift in Sources */,
				1D0D3D222881A914000C5110 /* FruitNutrientsView.swift in Sources */,
				1D0B5A6628818C17000CED3E /* StartButtonView.swift in Sources */,
				1D0D3D1A2881A11B000C5110 /* FruitDetailView.swift in Sources */,
				1D0D3D132881943A000C5110 /* FruitsModel.swift in Sources */,
				1D0D3D1C2881A434000C5110 /* FruitHeaderView.swift in Sources */,
				1D0B5A50288135B2000CED3E /* ContentView.swift in Sources */,
				1D45607E2882B3080086A0CE /* SettingsLabelView.swift in Sources */,
				1D0D3D1028819284000C5110 /* OnboardingView.swift in Sources */,
				1D0B5A4E288135B2000CED3E /* FruitsApp.swift in Sources */,
				1D0D3D242881AC4C000C5110 /* SettingsView.swift in Sources */,
			);
			runOnlyForDeploymentPostprocessing = 0;
		};
/* End PBXSourcesBuildPhase section */

/* Begin XCBuildConfiguration section */
		1D0B5A56288135B3000CED3E /* Debug */ = {
			isa = XCBuildConfiguration;
			buildSettings = {
				ALWAYS_SEARCH_USER_PATHS = NO;
				CLANG_ANALYZER_NONNULL = YES;
				CLANG_ANALYZER_NUMBER_OBJECT_CONVERSION = YES_AGGRESSIVE;
				CLANG_CXX_LANGUAGE_STANDARD = "gnu++17";
				CLANG_ENABLE_MODULES = YES;
				CLANG_ENABLE_OBJC_ARC = YES;
				CLANG_ENABLE_OBJC_WEAK = YES;
				CLANG_WARN_BLOCK_CAPTURE_AUTORELEASING = YES;
				CLANG_WARN_BOOL_CONVERSION = YES;
				CLANG_WARN_COMMA = YES;
				CLANG_WARN_CONSTANT_CONVERSION = YES;
				CLANG_WARN_DEPRECATED_OBJC_IMPLEMENTATIONS = YES;
				CLANG_WARN_DIRECT_OBJC_ISA_USAGE = YES_ERROR;
				CLANG_WARN_DOCUMENTATION_COMMENTS = YES;
				CLANG_WARN_EMPTY_BODY = YES;
				CLANG_WARN_ENUM_CONVERSION = YES;
				CLANG_WARN_INFINITE_RECURSION = YES;
				CLANG_WARN_INT_CONVERSION = YES;
				CLANG_WARN_NON_LITERAL_NULL_CONVERSION = YES;
				CLANG_WARN_OBJC_IMPLICIT_RETAIN_SELF = YES;
				CLANG_WARN_OBJC_LITERAL_CONVERSION = YES;
				CLANG_WARN_OBJC_ROOT_CLASS = YES_ERROR;
				CLANG_WARN_QUOTED_INCLUDE_IN_FRAMEWORK_HEADER = YES;
				CLANG_WARN_RANGE_LOOP_ANALYSIS = YES;
				CLANG_WARN_STRICT_PROTOTYPES = YES;
				CLANG_WARN_SUSPICIOUS_MOVE = YES;
				CLANG_WARN_UNGUARDED_AVAILABILITY = YES_AGGRESSIVE;
				CLANG_WARN_UNREACHABLE_CODE = YES;
				CLANG_WARN__DUPLICATE_METHOD_MATCH = YES;
				COPY_PHASE_STRIP = NO;
				DEBUG_INFORMATION_FORMAT = dwarf;
				ENABLE_STRICT_OBJC_MSGSEND = YES;
				ENABLE_TESTABILITY = YES;
				GCC_C_LANGUAGE_STANDARD = gnu11;
				GCC_DYNAMIC_NO_PIC = NO;
				GCC_NO_COMMON_BLOCKS = YES;
				GCC_OPTIMIZATION_LEVEL = 0;
				GCC_PREPROCESSOR_DEFINITIONS = (
					"DEBUG=1",
					"$(inherited)",
				);
				GCC_WARN_64_TO_32_BIT_CONVERSION = YES;
				GCC_WARN_ABOUT_RETURN_TYPE = YES_ERROR;
				GCC_WARN_UNDECLARED_SELECTOR = YES;
				GCC_WARN_UNINITIALIZED_AUTOS = YES_AGGRESSIVE;
				GCC_WARN_UNUSED_FUNCTION = YES;
				GCC_WARN_UNUSED_VARIABLE = YES;
				IPHONEOS_DEPLOYMENT_TARGET = 15.5;
				MTL_ENABLE_DEBUG_INFO = INCLUDE_SOURCE;
				MTL_FAST_MATH = YES;
				ONLY_ACTIVE_ARCH = YES;
				SDKROOT = iphoneos;
				SWIFT_ACTIVE_COMPILATION_CONDITIONS = DEBUG;
				SWIFT_OPTIMIZATION_LEVEL = "-Onone";
			};
			name = Debug;
		};
		1D0B5A57288135B3000CED3E /* Release */ = {
			isa = XCBuildConfiguration;
			buildSettings = {
				ALWAYS_SEARCH_USER_PATHS = NO;
				CLANG_ANALYZER_NONNULL = YES;
				CLANG_ANALYZER_NUMBER_OBJECT_CONVERSION = YES_AGGRESSIVE;
				CLANG_CXX_LANGUAGE_STANDARD = "gnu++17";
				CLANG_ENABLE_MODULES = YES;
				CLANG_ENABLE_OBJC_ARC = YES;
				CLANG_ENABLE_OBJC_WEAK = YES;
				CLANG_WARN_BLOCK_CAPTURE_AUTORELEASING = YES;
				CLANG_WARN_BOOL_CONVERSION = YES;
				CLANG_WARN_COMMA = YES;
				CLANG_WARN_CONSTANT_CONVERSION = YES;
				CLANG_WARN_DEPRECATED_OBJC_IMPLEMENTATIONS = YES;
				CLANG_WARN_DIRECT_OBJC_ISA_USAGE = YES_ERROR;
				CLANG_WARN_DOCUMENTATION_COMMENTS = YES;
				CLANG_WARN_EMPTY_BODY = YES;
				CLANG_WARN_ENUM_CONVERSION = YES;
				CLANG_WARN_INFINITE_RECURSION = YES;
				CLANG_WARN_INT_CONVERSION = YES;
				CLANG_WARN_NON_LITERAL_NULL_CONVERSION = YES;
				CLANG_WARN_OBJC_IMPLICIT_RETAIN_SELF = YES;
				CLANG_WARN_OBJC_LITERAL_CONVERSION = YES;
				CLANG_WARN_OBJC_ROOT_CLASS = YES_ERROR;
				CLANG_WARN_QUOTED_INCLUDE_IN_FRAMEWORK_HEADER = YES;
				CLANG_WARN_RANGE_LOOP_ANALYSIS = YES;
				CLANG_WARN_STRICT_PROTOTYPES = YES;
				CLANG_WARN_SUSPICIOUS_MOVE = YES;
				CLANG_WARN_UNGUARDED_AVAILABILITY = YES_AGGRESSIVE;
				CLANG_WARN_UNREACHABLE_CODE = YES;
				CLANG_WARN__DUPLICATE_METHOD_MATCH = YES;
				COPY_PHASE_STRIP = NO;
				DEBUG_INFORMATION_FORMAT = "dwarf-with-dsym";
				ENABLE_NS_ASSERTIONS = NO;
				ENABLE_STRICT_OBJC_MSGSEND = YES;
				GCC_C_LANGUAGE_STANDARD = gnu11;
				GCC_NO_COMMON_BLOCKS = YES;
				GCC_WARN_64_TO_32_BIT_CONVERSION = YES;
				GCC_WARN_ABOUT_RETURN_TYPE = YES_ERROR;
				GCC_WARN_UNDECLARED_SELECTOR = YES;
				GCC_WARN_UNINITIALIZED_AUTOS = YES_AGGRESSIVE;
				GCC_WARN_UNUSED_FUNCTION = YES;
				GCC_WARN_UNUSED_VARIABLE = YES;
				IPHONEOS_DEPLOYMENT_TARGET = 15.5;
				MTL_ENABLE_DEBUG_INFO = NO;
				MTL_FAST_MATH = YES;
				SDKROOT = iphoneos;
				SWIFT_COMPILATION_MODE = wholemodule;
				SWIFT_OPTIMIZATION_LEVEL = "-O";
				VALIDATE_PRODUCT = YES;
			};
			name = Release;
		};
		1D0B5A59288135B3000CED3E /* Debug */ = {
			isa = XCBuildConfiguration;
			buildSettings = {
				ASSETCATALOG_COMPILER_APPICON_NAME = AppIcon;
				ASSETCATALOG_COMPILER_GLOBAL_ACCENT_COLOR_NAME = AccentColor;
				CODE_SIGN_STYLE = Automatic;
				CURRENT_PROJECT_VERSION = 1;
				DEVELOPMENT_ASSET_PATHS = "\"Fruits/Preview Content\"";
				DEVELOPMENT_TEAM = K64M8673AP;
				ENABLE_PREVIEWS = YES;
				GENERATE_INFOPLIST_FILE = YES;
				INFOPLIST_FILE = Fruits/Info.plist;
				INFOPLIST_KEY_UIApplicationSupportsIndirectInputEvents = YES;
				INFOPLIST_KEY_UILaunchScreen_Generation = YES;
				INFOPLIST_KEY_UISupportedInterfaceOrientations = UIInterfaceOrientationPortrait;
				INFOPLIST_KEY_UISupportedInterfaceOrientations_iPad = "UIInterfaceOrientationPortrait UIInterfaceOrientationPortraitUpsideDown UIInterfaceOrientationLandscapeLeft UIInterfaceOrientationLandscapeRight";
				INFOPLIST_KEY_UISupportedInterfaceOrientations_iPhone = "UIInterfaceOrientationPortrait UIInterfaceOrientationLandscapeLeft UIInterfaceOrientationLandscapeRight";
				LD_RUNPATH_SEARCH_PATHS = (
					"$(inherited)",
					"@executable_path/Frameworks",
				);
				MARKETING_VERSION = 1.0;
				PRODUCT_BUNDLE_IDENTIFIER = com.jasursalimov.Fruits;
				PRODUCT_NAME = "$(TARGET_NAME)";
				SWIFT_EMIT_LOC_STRINGS = YES;
				SWIFT_VERSION = 5.0;
				TARGETED_DEVICE_FAMILY = "1,2";
			};
			name = Debug;
		};
		1D0B5A5A288135B3000CED3E /* Release */ = {
			isa = XCBuildConfiguration;
			buildSettings = {
				ASSETCATALOG_COMPILER_APPICON_NAME = AppIcon;
				ASSETCATALOG_COMPILER_GLOBAL_ACCENT_COLOR_NAME = AccentColor;
				CODE_SIGN_STYLE = Automatic;
				CURRENT_PROJECT_VERSION = 1;
				DEVELOPMENT_ASSET_PATHS = "\"Fruits/Preview Content\"";
				DEVELOPMENT_TEAM = K64M8673AP;
				ENABLE_PREVIEWS = YES;
				GENERATE_INFOPLIST_FILE = YES;
				INFOPLIST_FILE = Fruits/Info.plist;
				INFOPLIST_KEY_UIApplicationSupportsIndirectInputEvents = YES;
				INFOPLIST_KEY_UILaunchScreen_Generation = YES;
				INFOPLIST_KEY_UISupportedInterfaceOrientations = UIInterfaceOrientationPortrait;
				INFOPLIST_KEY_UISupportedInterfaceOrientations_iPad = "UIInterfaceOrientationPortrait UIInterfaceOrientationPortraitUpsideDown UIInterfaceOrientationLandscapeLeft UIInterfaceOrientationLandscapeRight";
				INFOPLIST_KEY_UISupportedInterfaceOrientations_iPhone = "UIInterfaceOrientationPortrait UIInterfaceOrientationLandscapeLeft UIInterfaceOrientationLandscapeRight";
				LD_RUNPATH_SEARCH_PATHS = (
					"$(inherited)",
					"@executable_path/Frameworks",
				);
				MARKETING_VERSION = 1.0;
				PRODUCT_BUNDLE_IDENTIFIER = com.jasursalimov.Fruits;
				PRODUCT_NAME = "$(TARGET_NAME)";
				SWIFT_EMIT_LOC_STRINGS = YES;
				SWIFT_VERSION = 5.0;
				TARGETED_DEVICE_FAMILY = "1,2";
			};
			name = Release;
		};
/* End XCBuildConfiguration section */

/* Begin XCConfigurationList section */
		1D0B5A45288135B2000CED3E /* Build configuration list for PBXProject "Fruits" */ = {
			isa = XCConfigurationList;
			buildConfigurations = (
				1D0B5A56288135B3000CED3E /* Debug */,
				1D0B5A57288135B3000CED3E /* Release */,
			);
			defaultConfigurationIsVisible = 0;
			defaultConfigurationName = Release;
		};
		1D0B5A58288135B3000CED3E /* Build configuration list for PBXNativeTarget "Fruits" */ = {
			isa = XCConfigurationList;
			buildConfigurations = (
				1D0B5A59288135B3000CED3E /* Debug */,
				1D0B5A5A288135B3000CED3E /* Release */,
			);
			defaultConfigurationIsVisible = 0;
			defaultConfigurationName = Release;
		};
/* End XCConfigurationList section */
	};
	rootObject = 1D0B5A42288135B2000CED3E /* Project object */;
}
