// !$*UTF8*$!
{
	archiveVersion = 1;
	classes = {
	};
	objectVersion = 56;
	objects = {

/* Begin PBXBuildFile section */
		1DEF795528941B9000BCFCFB /* DevoteApp.swift in Sources */ = {isa = PBXBuildFile; fileRef = 1DEF795428941B9000BCFCFB /* DevoteApp.swift */; };
		1DEF795728941B9000BCFCFB /* ContentView.swift in Sources */ = {isa = PBXBuildFile; fileRef = 1DEF795628941B9000BCFCFB /* ContentView.swift */; };
		1DEF795928941B9300BCFCFB /* Assets.xcassets in Resources */ = {isa = PBXBuildFile; fileRef = 1DEF795828941B9300BCFCFB /* Assets.xcassets */; };
		1DEF795C28941B9300BCFCFB /* Preview Assets.xcassets in Resources */ = {isa = PBXBuildFile; fileRef = 1DEF795B28941B9300BCFCFB /* Preview Assets.xcassets */; };
		1DEF795E28941B9300BCFCFB /* Persistence.swift in Sources */ = {isa = PBXBuildFile; fileRef = 1DEF795D28941B9300BCFCFB /* Persistence.swift */; };
		1DEF796128941B9300BCFCFB /* Devote.xcdatamodeld in Sources */ = {isa = PBXBuildFile; fileRef = 1DEF795F28941B9300BCFCFB /* Devote.xcdatamodeld */; };
		1DEF796B28941E7300BCFCFB /* sound-rise.mp3 in Resources */ = {isa = PBXBuildFile; fileRef = 1DEF796828941E7300BCFCFB /* sound-rise.mp3 */; };
		1DEF796C28941E7300BCFCFB /* sound-ding.mp3 in Resources */ = {isa = PBXBuildFile; fileRef = 1DEF796928941E7300BCFCFB /* sound-ding.mp3 */; };
		1DEF796D28941E7300BCFCFB /* sound-tap.mp3 in Resources */ = {isa = PBXBuildFile; fileRef = 1DEF796A28941E7300BCFCFB /* sound-tap.mp3 */; };
		1DF582EC28955A60006D633A /* Constant.swift in Sources */ = {isa = PBXBuildFile; fileRef = 1DF582EB28955A60006D633A /* Constant.swift */; };
/* End PBXBuildFile section */

/* Begin PBXFileReference section */
		1DEF795128941B9000BCFCFB /* Devote.app */ = {isa = PBXFileReference; explicitFileType = wrapper.application; includeInIndex = 0; path = Devote.app; sourceTree = BUILT_PRODUCTS_DIR; };
		1DEF795428941B9000BCFCFB /* DevoteApp.swift */ = {isa = PBXFileReference; lastKnownFileType = sourcecode.swift; path = DevoteApp.swift; sourceTree = "<group>"; };
		1DEF795628941B9000BCFCFB /* ContentView.swift */ = {isa = PBXFileReference; lastKnownFileType = sourcecode.swift; path = ContentView.swift; sourceTree = "<group>"; };
		1DEF795828941B9300BCFCFB /* Assets.xcassets */ = {isa = PBXFileReference; lastKnownFileType = folder.assetcatalog; path = Assets.xcassets; sourceTree = "<group>"; };
		1DEF795B28941B9300BCFCFB /* Preview Assets.xcassets */ = {isa = PBXFileReference; lastKnownFileType = folder.assetcatalog; path = "Preview Assets.xcassets"; sourceTree = "<group>"; };
		1DEF795D28941B9300BCFCFB /* Persistence.swift */ = {isa = PBXFileReference; lastKnownFileType = sourcecode.swift; path = Persistence.swift; sourceTree = "<group>"; };
		1DEF796028941B9300BCFCFB /* Devote.xcdatamodel */ = {isa = PBXFileReference; lastKnownFileType = wrapper.xcdatamodel; path = Devote.xcdatamodel; sourceTree = "<group>"; };
		1DEF796828941E7300BCFCFB /* sound-rise.mp3 */ = {isa = PBXFileReference; lastKnownFileType = audio.mp3; path = "sound-rise.mp3"; sourceTree = "<group>"; };
		1DEF796928941E7300BCFCFB /* sound-ding.mp3 */ = {isa = PBXFileReference; lastKnownFileType = audio.mp3; path = "sound-ding.mp3"; sourceTree = "<group>"; };
		1DEF796A28941E7300BCFCFB /* sound-tap.mp3 */ = {isa = PBXFileReference; lastKnownFileType = audio.mp3; path = "sound-tap.mp3"; sourceTree = "<group>"; };
		1DEF797228941F1900BCFCFB /* Info.plist */ = {isa = PBXFileReference; lastKnownFileType = text.plist; path = Info.plist; sourceTree = "<group>"; };
		1DF582EB28955A60006D633A /* Constant.swift */ = {isa = PBXFileReference; lastKnownFileType = sourcecode.swift; path = Constant.swift; sourceTree = "<group>"; };
/* End PBXFileReference section */

/* Begin PBXFrameworksBuildPhase section */
		1DEF794E28941B9000BCFCFB /* Frameworks */ = {
			isa = PBXFrameworksBuildPhase;
			buildActionMask = 2147483647;
			files = (
			);
			runOnlyForDeploymentPostprocessing = 0;
		};
/* End PBXFrameworksBuildPhase section */

/* Begin PBXGroup section */
		1DEF794828941B9000BCFCFB = {
			isa = PBXGroup;
			children = (
				1DEF795328941B9000BCFCFB /* Devote */,
				1DEF795228941B9000BCFCFB /* Products */,
			);
			sourceTree = "<group>";
		};
		1DEF795228941B9000BCFCFB /* Products */ = {
			isa = PBXGroup;
			children = (
				1DEF795128941B9000BCFCFB /* Devote.app */,
			);
			name = Products;
			sourceTree = "<group>";
		};
		1DEF795328941B9000BCFCFB /* Devote */ = {
			isa = PBXGroup;
			children = (
				1DEF797228941F1900BCFCFB /* Info.plist */,
				1DEF795428941B9000BCFCFB /* DevoteApp.swift */,
				1DEF797128941EBB00BCFCFB /* Style */,
				1DEF797028941EB600BCFCFB /* Utility */,
				1DEF796F28941EB100BCFCFB /* Extension */,
				1DEF796E28941EAB00BCFCFB /* View */,
				1DEF795828941B9300BCFCFB /* Assets.xcassets */,
				1DEF795D28941B9300BCFCFB /* Persistence.swift */,
				1DEF796728941E7300BCFCFB /* Sound */,
				1DEF795F28941B9300BCFCFB /* Devote.xcdatamodeld */,
				1DEF795A28941B9300BCFCFB /* Preview Content */,
			);
			path = Devote;
			sourceTree = "<group>";
		};
		1DEF795A28941B9300BCFCFB /* Preview Content */ = {
			isa = PBXGroup;
			children = (
				1DEF795B28941B9300BCFCFB /* Preview Assets.xcassets */,
			);
			path = "Preview Content";
			sourceTree = "<group>";
		};
		1DEF796728941E7300BCFCFB /* Sound */ = {
			isa = PBXGroup;
			children = (
				1DEF796828941E7300BCFCFB /* sound-rise.mp3 */,
				1DEF796928941E7300BCFCFB /* sound-ding.mp3 */,
				1DEF796A28941E7300BCFCFB /* sound-tap.mp3 */,
			);
			path = Sound;
			sourceTree = "<group>";
		};
		1DEF796E28941EAB00BCFCFB /* View */ = {
			isa = PBXGroup;
			children = (
				1DEF795628941B9000BCFCFB /* ContentView.swift */,
			);
			path = View;
			sourceTree = "<group>";
		};
		1DEF796F28941EB100BCFCFB /* Extension */ = {
			isa = PBXGroup;
			children = (
			);
			path = Extension;
			sourceTree = "<group>";
		};
		1DEF797028941EB600BCFCFB /* Utility */ = {
			isa = PBXGroup;
			children = (
				1DF582EB28955A60006D633A /* Constant.swift */,
			);
			path = Utility;
			sourceTree = "<group>";
		};
		1DEF797128941EBB00BCFCFB /* Style */ = {
			isa = PBXGroup;
			children = (
			);
			path = Style;
			sourceTree = "<group>";
		};
/* End PBXGroup section */

/* Begin PBXNativeTarget section */
		1DEF795028941B9000BCFCFB /* Devote */ = {
			isa = PBXNativeTarget;
			buildConfigurationList = 1DEF796428941B9300BCFCFB /* Build configuration list for PBXNativeTarget "Devote" */;
			buildPhases = (
				1DEF794D28941B9000BCFCFB /* Sources */,
				1DEF794E28941B9000BCFCFB /* Frameworks */,
				1DEF794F28941B9000BCFCFB /* Resources */,
			);
			buildRules = (
			);
			dependencies = (
			);
			name = Devote;
			productName = Devote;
			productReference = 1DEF795128941B9000BCFCFB /* Devote.app */;
			productType = "com.apple.product-type.application";
		};
/* End PBXNativeTarget section */

/* Begin PBXProject section */
		1DEF794928941B9000BCFCFB /* Project object */ = {
			isa = PBXProject;
			attributes = {
				BuildIndependentTargetsInParallel = 1;
				LastSwiftUpdateCheck = 1400;
				LastUpgradeCheck = 1400;
				TargetAttributes = {
					1DEF795028941B9000BCFCFB = {
						CreatedOnToolsVersion = 14.0;
					};
				};
			};
			buildConfigurationList = 1DEF794C28941B9000BCFCFB /* Build configuration list for PBXProject "Devote" */;
			compatibilityVersion = "Xcode 14.0";
			developmentRegion = en;
			hasScannedForEncodings = 0;
			knownRegions = (
				en,
				Base,
			);
			mainGroup = 1DEF794828941B9000BCFCFB;
			productRefGroup = 1DEF795228941B9000BCFCFB /* Products */;
			projectDirPath = "";
			projectRoot = "";
			targets = (
				1DEF795028941B9000BCFCFB /* Devote */,
			);
		};
/* End PBXProject section */

/* Begin PBXResourcesBuildPhase section */
		1DEF794F28941B9000BCFCFB /* Resources */ = {
			isa = PBXResourcesBuildPhase;
			buildActionMask = 2147483647;
			files = (
				1DEF796C28941E7300BCFCFB /* sound-ding.mp3 in Resources */,
				1DEF796B28941E7300BCFCFB /* sound-rise.mp3 in Resources */,
				1DEF795C28941B9300BCFCFB /* Preview Assets.xcassets in Resources */,
				1DEF796D28941E7300BCFCFB /* sound-tap.mp3 in Resources */,
				1DEF795928941B9300BCFCFB /* Assets.xcassets in Resources */,
			);
			runOnlyForDeploymentPostprocessing = 0;
		};
/* End PBXResourcesBuildPhase section */

/* Begin PBXSourcesBuildPhase section */
		1DEF794D28941B9000BCFCFB /* Sources */ = {
			isa = PBXSourcesBuildPhase;
			buildActionMask = 2147483647;
			files = (
				1DEF795E28941B9300BCFCFB /* Persistence.swift in Sources */,
				1DEF795728941B9000BCFCFB /* ContentView.swift in Sources */,
				1DF582EC28955A60006D633A /* Constant.swift in Sources */,
				1DEF796128941B9300BCFCFB /* Devote.xcdatamodeld in Sources */,
				1DEF795528941B9000BCFCFB /* DevoteApp.swift in Sources */,
			);
			runOnlyForDeploymentPostprocessing = 0;
		};
/* End PBXSourcesBuildPhase section */

/* Begin XCBuildConfiguration section */
		1DEF796228941B9300BCFCFB /* Debug */ = {
			isa = XCBuildConfiguration;
			buildSettings = {
				ALWAYS_SEARCH_USER_PATHS = NO;
				CLANG_ANALYZER_NONNULL = YES;
				CLANG_ANALYZER_NUMBER_OBJECT_CONVERSION = YES_AGGRESSIVE;
				CLANG_CXX_LANGUAGE_STANDARD = "gnu++20";
				CLANG_ENABLE_MODULES = YES;
				CLANG_ENABLE_OBJC_ARC = YES;
				CLANG_ENABLE_OBJC_WEAK = YES;
				CLANG_WARN_BLOCK_CAPTURE_AUTORELEASING = YES;
				CLANG_WARN_BOOL_CONVERSION = YES;
				CLANG_WARN_COMMA = YES;
				CLANG_WARN_CONSTANT_CONVERSION = YES;
				CLANG_WARN_DEPRECATED_OBJC_IMPLEMENTATIONS = YES;
				CLANG_WARN_DIRECT_OBJC_ISA_USAGE = YES_ERROR;
				CLANG_WARN_DOCUMENTATION_COMMENTS = YES;
				CLANG_WARN_EMPTY_BODY = YES;
				CLANG_WARN_ENUM_CONVERSION = YES;
				CLANG_WARN_INFINITE_RECURSION = YES;
				CLANG_WARN_INT_CONVERSION = YES;
				CLANG_WARN_NON_LITERAL_NULL_CONVERSION = YES;
				CLANG_WARN_OBJC_IMPLICIT_RETAIN_SELF = YES;
				CLANG_WARN_OBJC_LITERAL_CONVERSION = YES;
				CLANG_WARN_OBJC_ROOT_CLASS = YES_ERROR;
				CLANG_WARN_QUOTED_INCLUDE_IN_FRAMEWORK_HEADER = YES;
				CLANG_WARN_RANGE_LOOP_ANALYSIS = YES;
				CLANG_WARN_STRICT_PROTOTYPES = YES;
				CLANG_WARN_SUSPICIOUS_MOVE = YES;
				CLANG_WARN_UNGUARDED_AVAILABILITY = YES_AGGRESSIVE;
				CLANG_WARN_UNREACHABLE_CODE = YES;
				CLANG_WARN__DUPLICATE_METHOD_MATCH = YES;
				COPY_PHASE_STRIP = NO;
				DEBUG_INFORMATION_FORMAT = dwarf;
				ENABLE_STRICT_OBJC_MSGSEND = YES;
				ENABLE_TESTABILITY = YES;
				GCC_C_LANGUAGE_STANDARD = gnu11;
				GCC_DYNAMIC_NO_PIC = NO;
				GCC_NO_COMMON_BLOCKS = YES;
				GCC_OPTIMIZATION_LEVEL = 0;
				GCC_PREPROCESSOR_DEFINITIONS = (
					"DEBUG=1",
					"$(inherited)",
				);
				GCC_WARN_64_TO_32_BIT_CONVERSION = YES;
				GCC_WARN_ABOUT_RETURN_TYPE = YES_ERROR;
				GCC_WARN_UNDECLARED_SELECTOR = YES;
				GCC_WARN_UNINITIALIZED_AUTOS = YES_AGGRESSIVE;
				GCC_WARN_UNUSED_FUNCTION = YES;
				GCC_WARN_UNUSED_VARIABLE = YES;
				IPHONEOS_DEPLOYMENT_TARGET = 15.0;
				MTL_ENABLE_DEBUG_INFO = INCLUDE_SOURCE;
				MTL_FAST_MATH = YES;
				ONLY_ACTIVE_ARCH = YES;
				SDKROOT = iphoneos;
				SWIFT_ACTIVE_COMPILATION_CONDITIONS = DEBUG;
				SWIFT_OPTIMIZATION_LEVEL = "-Onone";
			};
			name = Debug;
		};
		1DEF796328941B9300BCFCFB /* Release */ = {
			isa = XCBuildConfiguration;
			buildSettings = {
				ALWAYS_SEARCH_USER_PATHS = NO;
				CLANG_ANALYZER_NONNULL = YES;
				CLANG_ANALYZER_NUMBER_OBJECT_CONVERSION = YES_AGGRESSIVE;
				CLANG_CXX_LANGUAGE_STANDARD = "gnu++20";
				CLANG_ENABLE_MODULES = YES;
				CLANG_ENABLE_OBJC_ARC = YES;
				CLANG_ENABLE_OBJC_WEAK = YES;
				CLANG_WARN_BLOCK_CAPTURE_AUTORELEASING = YES;
				CLANG_WARN_BOOL_CONVERSION = YES;
				CLANG_WARN_COMMA = YES;
				CLANG_WARN_CONSTANT_CONVERSION = YES;
				CLANG_WARN_DEPRECATED_OBJC_IMPLEMENTATIONS = YES;
				CLANG_WARN_DIRECT_OBJC_ISA_USAGE = YES_ERROR;
				CLANG_WARN_DOCUMENTATION_COMMENTS = YES;
				CLANG_WARN_EMPTY_BODY = YES;
				CLANG_WARN_ENUM_CONVERSION = YES;
				CLANG_WARN_INFINITE_RECURSION = YES;
				CLANG_WARN_INT_CONVERSION = YES;
				CLANG_WARN_NON_LITERAL_NULL_CONVERSION = YES;
				CLANG_WARN_OBJC_IMPLICIT_RETAIN_SELF = YES;
				CLANG_WARN_OBJC_LITERAL_CONVERSION = YES;
				CLANG_WARN_OBJC_ROOT_CLASS = YES_ERROR;
				CLANG_WARN_QUOTED_INCLUDE_IN_FRAMEWORK_HEADER = YES;
				CLANG_WARN_RANGE_LOOP_ANALYSIS = YES;
				CLANG_WARN_STRICT_PROTOTYPES = YES;
				CLANG_WARN_SUSPICIOUS_MOVE = YES;
				CLANG_WARN_UNGUARDED_AVAILABILITY = YES_AGGRESSIVE;
				CLANG_WARN_UNREACHABLE_CODE = YES;
				CLANG_WARN__DUPLICATE_METHOD_MATCH = YES;
				COPY_PHASE_STRIP = NO;
				DEBUG_INFORMATION_FORMAT = "dwarf-with-dsym";
				ENABLE_NS_ASSERTIONS = NO;
				ENABLE_STRICT_OBJC_MSGSEND = YES;
				GCC_C_LANGUAGE_STANDARD = gnu11;
				GCC_NO_COMMON_BLOCKS = YES;
				GCC_WARN_64_TO_32_BIT_CONVERSION = YES;
				GCC_WARN_ABOUT_RETURN_TYPE = YES_ERROR;
				GCC_WARN_UNDECLARED_SELECTOR = YES;
				GCC_WARN_UNINITIALIZED_AUTOS = YES_AGGRESSIVE;
				GCC_WARN_UNUSED_FUNCTION = YES;
				GCC_WARN_UNUSED_VARIABLE = YES;
				IPHONEOS_DEPLOYMENT_TARGET = 15.0;
				MTL_ENABLE_DEBUG_INFO = NO;
				MTL_FAST_MATH = YES;
				SDKROOT = iphoneos;
				SWIFT_COMPILATION_MODE = wholemodule;
				SWIFT_OPTIMIZATION_LEVEL = "-O";
				VALIDATE_PRODUCT = YES;
			};
			name = Release;
		};
		1DEF796528941B9300BCFCFB /* Debug */ = {
			isa = XCBuildConfiguration;
			buildSettings = {
				ASSETCATALOG_COMPILER_APPICON_NAME = AppIcon;
				ASSETCATALOG_COMPILER_GLOBAL_ACCENT_COLOR_NAME = AccentColor;
				CODE_SIGN_STYLE = Automatic;
				CURRENT_PROJECT_VERSION = 1;
				DEVELOPMENT_ASSET_PATHS = "\"Devote/Preview Content\"";
				DEVELOPMENT_TEAM = K64M8673AP;
				ENABLE_PREVIEWS = YES;
				GENERATE_INFOPLIST_FILE = YES;
				INFOPLIST_FILE = Devote/Info.plist;
				INFOPLIST_KEY_UIApplicationSceneManifest_Generation = YES;
				INFOPLIST_KEY_UIApplicationSupportsIndirectInputEvents = YES;
				INFOPLIST_KEY_UISupportedInterfaceOrientations = UIInterfaceOrientationPortrait;
				IPHONEOS_DEPLOYMENT_TARGET = 15.0;
				LD_RUNPATH_SEARCH_PATHS = (
					"$(inherited)",
					"@executable_path/Frameworks",
				);
				MARKETING_VERSION = 1.0;
				PRODUCT_BUNDLE_IDENTIFIER = com.jasursalimov.Devote;
				PRODUCT_NAME = "$(TARGET_NAME)";
				SWIFT_EMIT_LOC_STRINGS = YES;
				SWIFT_VERSION = 5.0;
				TARGETED_DEVICE_FAMILY = "1,2";
			};
			name = Debug;
		};
		1DEF796628941B9300BCFCFB /* Release */ = {
			isa = XCBuildConfiguration;
			buildSettings = {
				ASSETCATALOG_COMPILER_APPICON_NAME = AppIcon;
				ASSETCATALOG_COMPILER_GLOBAL_ACCENT_COLOR_NAME = AccentColor;
				CODE_SIGN_STYLE = Automatic;
				CURRENT_PROJECT_VERSION = 1;
				DEVELOPMENT_ASSET_PATHS = "\"Devote/Preview Content\"";
				DEVELOPMENT_TEAM = K64M8673AP;
				ENABLE_PREVIEWS = YES;
				GENERATE_INFOPLIST_FILE = YES;
				INFOPLIST_FILE = Devote/Info.plist;
				INFOPLIST_KEY_UIApplicationSceneManifest_Generation = YES;
				INFOPLIST_KEY_UIApplicationSupportsIndirectInputEvents = YES;
				INFOPLIST_KEY_UISupportedInterfaceOrientations = UIInterfaceOrientationPortrait;
				IPHONEOS_DEPLOYMENT_TARGET = 15.0;
				LD_RUNPATH_SEARCH_PATHS = (
					"$(inherited)",
					"@executable_path/Frameworks",
				);
				MARKETING_VERSION = 1.0;
				PRODUCT_BUNDLE_IDENTIFIER = com.jasursalimov.Devote;
				PRODUCT_NAME = "$(TARGET_NAME)";
				SWIFT_EMIT_LOC_STRINGS = YES;
				SWIFT_VERSION = 5.0;
				TARGETED_DEVICE_FAMILY = "1,2";
			};
			name = Release;
		};
/* End XCBuildConfiguration section */

/* Begin XCConfigurationList section */
		1DEF794C28941B9000BCFCFB /* Build configuration list for PBXProject "Devote" */ = {
			isa = XCConfigurationList;
			buildConfigurations = (
				1DEF796228941B9300BCFCFB /* Debug */,
				1DEF796328941B9300BCFCFB /* Release */,
			);
			defaultConfigurationIsVisible = 0;
			defaultConfigurationName = Release;
		};
		1DEF796428941B9300BCFCFB /* Build configuration list for PBXNativeTarget "Devote" */ = {
			isa = XCConfigurationList;
			buildConfigurations = (
				1DEF796528941B9300BCFCFB /* Debug */,
				1DEF796628941B9300BCFCFB /* Release */,
			);
			defaultConfigurationIsVisible = 0;
			defaultConfigurationName = Release;
		};
/* End XCConfigurationList section */

/* Begin XCVersionGroup section */
		1DEF795F28941B9300BCFCFB /* Devote.xcdatamodeld */ = {
			isa = XCVersionGroup;
			children = (
				1DEF796028941B9300BCFCFB /* Devote.xcdatamodel */,
			);
			currentVersion = 1DEF796028941B9300BCFCFB /* Devote.xcdatamodel */;
			path = Devote.xcdatamodeld;
			sourceTree = "<group>";
			versionGroupType = wrapper.xcdatamodel;
		};
/* End XCVersionGroup section */
	};
	rootObject = 1DEF794928941B9000BCFCFB /* Project object */;
}
