// !$*UTF8*$!
{
	archiveVersion = 1;
	classes = {
	};
	objectVersion = 55;
	objects = {

/* Begin PBXBuildFile section */
		1DEFE13A284F2C91004851F7 /* AppDelegate.swift in Sources */ = {isa = PBXBuildFile; fileRef = 1DEFE139284F2C91004851F7 /* AppDelegate.swift */; };
		1DEFE13C284F2C91004851F7 /* SceneDelegate.swift in Sources */ = {isa = PBXBuildFile; fileRef = 1DEFE13B284F2C91004851F7 /* SceneDelegate.swift */; };
		1DEFE13E284F2C91004851F7 /* ViewController.swift in Sources */ = {isa = PBXBuildFile; fileRef = 1DEFE13D284F2C91004851F7 /* ViewController.swift */; };
		1DEFE141284F2C91004851F7 /* Main.storyboard in Resources */ = {isa = PBXBuildFile; fileRef = 1DEFE13F284F2C91004851F7 /* Main.storyboard */; };
		1DEFE143284F2C92004851F7 /* Assets.xcassets in Resources */ = {isa = PBXBuildFile; fileRef = 1DEFE142284F2C92004851F7 /* Assets.xcassets */; };
		1DEFE146284F2C92004851F7 /* LaunchScreen.storyboard in Resources */ = {isa = PBXBuildFile; fileRef = 1DEFE144284F2C92004851F7 /* LaunchScreen.storyboard */; };
		1DEFE153284F2CA9004851F7 /* Interface.storyboard in Resources */ = {isa = PBXBuildFile; fileRef = 1DEFE151284F2CA9004851F7 /* Interface.storyboard */; };
		1DEFE155284F2CAA004851F7 /* Assets.xcassets in Resources */ = {isa = PBXBuildFile; fileRef = 1DEFE154284F2CAA004851F7 /* Assets.xcassets */; };
		1DEFE15B284F2CAB004851F7 /* WatchApp WatchKit Extension.appex in Embed App Extensions */ = {isa = PBXBuildFile; fileRef = 1DEFE15A284F2CAB004851F7 /* WatchApp WatchKit Extension.appex */; settings = {ATTRIBUTES = (RemoveHeadersOnCopy, ); }; };
		1DEFE160284F2CAB004851F7 /* InterfaceController.swift in Sources */ = {isa = PBXBuildFile; fileRef = 1DEFE15F284F2CAB004851F7 /* InterfaceController.swift */; };
		1DEFE162284F2CAB004851F7 /* ExtensionDelegate.swift in Sources */ = {isa = PBXBuildFile; fileRef = 1DEFE161284F2CAB004851F7 /* ExtensionDelegate.swift */; };
		1DEFE164284F2CAB004851F7 /* NotificationController.swift in Sources */ = {isa = PBXBuildFile; fileRef = 1DEFE163284F2CAB004851F7 /* NotificationController.swift */; };
		1DEFE166284F2CAB004851F7 /* ComplicationController.swift in Sources */ = {isa = PBXBuildFile; fileRef = 1DEFE165284F2CAB004851F7 /* ComplicationController.swift */; };
		1DEFE168284F2CAC004851F7 /* Assets.xcassets in Resources */ = {isa = PBXBuildFile; fileRef = 1DEFE167284F2CAC004851F7 /* Assets.xcassets */; };
		1DEFE16D284F2CAC004851F7 /* WatchApp.app in Embed Watch Content */ = {isa = PBXBuildFile; fileRef = 1DEFE14F284F2CA9004851F7 /* WatchApp.app */; settings = {ATTRIBUTES = (RemoveHeadersOnCopy, ); }; };
		1DEFE177284F2CC9004851F7 /* SwiftUIView.swift in Sources */ = {isa = PBXBuildFile; fileRef = 1DEFE176284F2CC9004851F7 /* SwiftUIView.swift */; };
/* End PBXBuildFile section */

/* Begin PBXContainerItemProxy section */
		1DEFE15C284F2CAB004851F7 /* PBXContainerItemProxy */ = {
			isa = PBXContainerItemProxy;
			containerPortal = 1DEFE12E284F2C91004851F7 /* Project object */;
			proxyType = 1;
			remoteGlobalIDString = 1DEFE159284F2CAB004851F7;
			remoteInfo = "WatchApp WatchKit Extension";
		};
		1DEFE16B284F2CAC004851F7 /* PBXContainerItemProxy */ = {
			isa = PBXContainerItemProxy;
			containerPortal = 1DEFE12E284F2C91004851F7 /* Project object */;
			proxyType = 1;
			remoteGlobalIDString = 1DEFE14E284F2CA9004851F7;
			remoteInfo = WatchApp;
		};
/* End PBXContainerItemProxy section */

/* Begin PBXCopyFilesBuildPhase section */
		1DEFE171284F2CAC004851F7 /* Embed App Extensions */ = {
			isa = PBXCopyFilesBuildPhase;
			buildActionMask = 2147483647;
			dstPath = "";
			dstSubfolderSpec = 13;
			files = (
				1DEFE15B284F2CAB004851F7 /* WatchApp WatchKit Extension.appex in Embed App Extensions */,
			);
			name = "Embed App Extensions";
			runOnlyForDeploymentPostprocessing = 0;
		};
		1DEFE175284F2CAC004851F7 /* Embed Watch Content */ = {
			isa = PBXCopyFilesBuildPhase;
			buildActionMask = 2147483647;
			dstPath = "$(CONTENTS_FOLDER_PATH)/Watch";
			dstSubfolderSpec = 16;
			files = (
				1DEFE16D284F2CAC004851F7 /* WatchApp.app in Embed Watch Content */,
			);
			name = "Embed Watch Content";
			runOnlyForDeploymentPostprocessing = 0;
		};
/* End PBXCopyFilesBuildPhase section */

/* Begin PBXFileReference section */
		1DEFE136284F2C91004851F7 /* VideoTrainingWatch.app */ = {isa = PBXFileReference; explicitFileType = wrapper.application; includeInIndex = 0; path = VideoTrainingWatch.app; sourceTree = BUILT_PRODUCTS_DIR; };
		1DEFE139284F2C91004851F7 /* AppDelegate.swift */ = {isa = PBXFileReference; lastKnownFileType = sourcecode.swift; path = AppDelegate.swift; sourceTree = "<group>"; };
		1DEFE13B284F2C91004851F7 /* SceneDelegate.swift */ = {isa = PBXFileReference; lastKnownFileType = sourcecode.swift; path = SceneDelegate.swift; sourceTree = "<group>"; };
		1DEFE13D284F2C91004851F7 /* ViewController.swift */ = {isa = PBXFileReference; lastKnownFileType = sourcecode.swift; path = ViewController.swift; sourceTree = "<group>"; };
		1DEFE140284F2C91004851F7 /* Base */ = {isa = PBXFileReference; lastKnownFileType = file.storyboard; name = Base; path = Base.lproj/Main.storyboard; sourceTree = "<group>"; };
		1DEFE142284F2C92004851F7 /* Assets.xcassets */ = {isa = PBXFileReference; lastKnownFileType = folder.assetcatalog; path = Assets.xcassets; sourceTree = "<group>"; };
		1DEFE145284F2C92004851F7 /* Base */ = {isa = PBXFileReference; lastKnownFileType = file.storyboard; name = Base; path = Base.lproj/LaunchScreen.storyboard; sourceTree = "<group>"; };
		1DEFE147284F2C92004851F7 /* Info.plist */ = {isa = PBXFileReference; lastKnownFileType = text.plist.xml; path = Info.plist; sourceTree = "<group>"; };
		1DEFE14F284F2CA9004851F7 /* WatchApp.app */ = {isa = PBXFileReference; explicitFileType = wrapper.application; includeInIndex = 0; path = WatchApp.app; sourceTree = BUILT_PRODUCTS_DIR; };
		1DEFE152284F2CA9004851F7 /* Base */ = {isa = PBXFileReference; lastKnownFileType = file.storyboard; name = Base; path = Base.lproj/Interface.storyboard; sourceTree = "<group>"; };
		1DEFE154284F2CAA004851F7 /* Assets.xcassets */ = {isa = PBXFileReference; lastKnownFileType = folder.assetcatalog; path = Assets.xcassets; sourceTree = "<group>"; };
		1DEFE15A284F2CAB004851F7 /* WatchApp WatchKit Extension.appex */ = {isa = PBXFileReference; explicitFileType = "wrapper.app-extension"; includeInIndex = 0; path = "WatchApp WatchKit Extension.appex"; sourceTree = BUILT_PRODUCTS_DIR; };
		1DEFE15F284F2CAB004851F7 /* InterfaceController.swift */ = {isa = PBXFileReference; lastKnownFileType = sourcecode.swift; path = InterfaceController.swift; sourceTree = "<group>"; };
		1DEFE161284F2CAB004851F7 /* ExtensionDelegate.swift */ = {isa = PBXFileReference; lastKnownFileType = sourcecode.swift; path = ExtensionDelegate.swift; sourceTree = "<group>"; };
		1DEFE163284F2CAB004851F7 /* NotificationController.swift */ = {isa = PBXFileReference; lastKnownFileType = sourcecode.swift; path = NotificationController.swift; sourceTree = "<group>"; };
		1DEFE165284F2CAB004851F7 /* ComplicationController.swift */ = {isa = PBXFileReference; lastKnownFileType = sourcecode.swift; path = ComplicationController.swift; sourceTree = "<group>"; };
		1DEFE167284F2CAC004851F7 /* Assets.xcassets */ = {isa = PBXFileReference; lastKnownFileType = folder.assetcatalog; path = Assets.xcassets; sourceTree = "<group>"; };
		1DEFE169284F2CAC004851F7 /* Info.plist */ = {isa = PBXFileReference; lastKnownFileType = text.plist.xml; path = Info.plist; sourceTree = "<group>"; };
		1DEFE16A284F2CAC004851F7 /* PushNotificationPayload.apns */ = {isa = PBXFileReference; lastKnownFileType = text; path = PushNotificationPayload.apns; sourceTree = "<group>"; };
		1DEFE176284F2CC9004851F7 /* SwiftUIView.swift */ = {isa = PBXFileReference; lastKnownFileType = sourcecode.swift; path = SwiftUIView.swift; sourceTree = "<group>"; };
/* End PBXFileReference section */

/* Begin PBXFrameworksBuildPhase section */
		1DEFE133284F2C91004851F7 /* Frameworks */ = {
			isa = PBXFrameworksBuildPhase;
			buildActionMask = 2147483647;
			files = (
			);
			runOnlyForDeploymentPostprocessing = 0;
		};
		1DEFE157284F2CAB004851F7 /* Frameworks */ = {
			isa = PBXFrameworksBuildPhase;
			buildActionMask = 2147483647;
			files = (
			);
			runOnlyForDeploymentPostprocessing = 0;
		};
/* End PBXFrameworksBuildPhase section */

/* Begin PBXGroup section */
		1DEFE12D284F2C91004851F7 = {
			isa = PBXGroup;
			children = (
				1DEFE138284F2C91004851F7 /* VideoTrainingWatch */,
				1DEFE150284F2CA9004851F7 /* WatchApp */,
				1DEFE15E284F2CAB004851F7 /* WatchApp WatchKit Extension */,
				1DEFE137284F2C91004851F7 /* Products */,
			);
			sourceTree = "<group>";
		};
		1DEFE137284F2C91004851F7 /* Products */ = {
			isa = PBXGroup;
			children = (
				1DEFE136284F2C91004851F7 /* VideoTrainingWatch.app */,
				1DEFE14F284F2CA9004851F7 /* WatchApp.app */,
				1DEFE15A284F2CAB004851F7 /* WatchApp WatchKit Extension.appex */,
			);
			name = Products;
			sourceTree = "<group>";
		};
		1DEFE138284F2C91004851F7 /* VideoTrainingWatch */ = {
			isa = PBXGroup;
			children = (
				1DEFE139284F2C91004851F7 /* AppDelegate.swift */,
				1DEFE13B284F2C91004851F7 /* SceneDelegate.swift */,
				1DEFE13D284F2C91004851F7 /* ViewController.swift */,
				1DEFE13F284F2C91004851F7 /* Main.storyboard */,
				1DEFE142284F2C92004851F7 /* Assets.xcassets */,
				1DEFE144284F2C92004851F7 /* LaunchScreen.storyboard */,
				1DEFE147284F2C92004851F7 /* Info.plist */,
			);
			path = VideoTrainingWatch;
			sourceTree = "<group>";
		};
		1DEFE150284F2CA9004851F7 /* WatchApp */ = {
			isa = PBXGroup;
			children = (
				1DEFE151284F2CA9004851F7 /* Interface.storyboard */,
				1DEFE154284F2CAA004851F7 /* Assets.xcassets */,
			);
			path = WatchApp;
			sourceTree = "<group>";
		};
		1DEFE15E284F2CAB004851F7 /* WatchApp WatchKit Extension */ = {
			isa = PBXGroup;
			children = (
				1DEFE15F284F2CAB004851F7 /* InterfaceController.swift */,
				1DEFE161284F2CAB004851F7 /* ExtensionDelegate.swift */,
				1DEFE176284F2CC9004851F7 /* SwiftUIView.swift */,
				1DEFE163284F2CAB004851F7 /* NotificationController.swift */,
				1DEFE165284F2CAB004851F7 /* ComplicationController.swift */,
				1DEFE167284F2CAC004851F7 /* Assets.xcassets */,
				1DEFE169284F2CAC004851F7 /* Info.plist */,
				1DEFE16A284F2CAC004851F7 /* PushNotificationPayload.apns */,
			);
			path = "WatchApp WatchKit Extension";
			sourceTree = "<group>";
		};
/* End PBXGroup section */

/* Begin PBXNativeTarget section */
		1DEFE135284F2C91004851F7 /* VideoTrainingWatch */ = {
			isa = PBXNativeTarget;
			buildConfigurationList = 1DEFE14A284F2C92004851F7 /* Build configuration list for PBXNativeTarget "VideoTrainingWatch" */;
			buildPhases = (
				1DEFE132284F2C91004851F7 /* Sources */,
				1DEFE133284F2C91004851F7 /* Frameworks */,
				1DEFE134284F2C91004851F7 /* Resources */,
				1DEFE175284F2CAC004851F7 /* Embed Watch Content */,
			);
			buildRules = (
			);
			dependencies = (
				1DEFE16C284F2CAC004851F7 /* PBXTargetDependency */,
			);
			name = VideoTrainingWatch;
			productName = VideoTrainingWatch;
			productReference = 1DEFE136284F2C91004851F7 /* VideoTrainingWatch.app */;
			productType = "com.apple.product-type.application";
		};
		1DEFE14E284F2CA9004851F7 /* WatchApp */ = {
			isa = PBXNativeTarget;
			buildConfigurationList = 1DEFE172284F2CAC004851F7 /* Build configuration list for PBXNativeTarget "WatchApp" */;
			buildPhases = (
				1DEFE14D284F2CA9004851F7 /* Resources */,
				1DEFE171284F2CAC004851F7 /* Embed App Extensions */,
			);
			buildRules = (
			);
			dependencies = (
				1DEFE15D284F2CAB004851F7 /* PBXTargetDependency */,
			);
			name = WatchApp;
			productName = WatchApp;
			productReference = 1DEFE14F284F2CA9004851F7 /* WatchApp.app */;
			productType = "com.apple.product-type.application.watchapp2";
		};
		1DEFE159284F2CAB004851F7 /* WatchApp WatchKit Extension */ = {
			isa = PBXNativeTarget;
			buildConfigurationList = 1DEFE16E284F2CAC004851F7 /* Build configuration list for PBXNativeTarget "WatchApp WatchKit Extension" */;
			buildPhases = (
				1DEFE156284F2CAB004851F7 /* Sources */,
				1DEFE157284F2CAB004851F7 /* Frameworks */,
				1DEFE158284F2CAB004851F7 /* Resources */,
			);
			buildRules = (
			);
			dependencies = (
			);
			name = "WatchApp WatchKit Extension";
			productName = "WatchApp WatchKit Extension";
			productReference = 1DEFE15A284F2CAB004851F7 /* WatchApp WatchKit Extension.appex */;
			productType = "com.apple.product-type.watchkit2-extension";
		};
/* End PBXNativeTarget section */

/* Begin PBXProject section */
		1DEFE12E284F2C91004851F7 /* Project object */ = {
			isa = PBXProject;
			attributes = {
				BuildIndependentTargetsInParallel = 1;
				LastSwiftUpdateCheck = 1340;
				LastUpgradeCheck = 1340;
				TargetAttributes = {
					1DEFE135284F2C91004851F7 = {
						CreatedOnToolsVersion = 13.4.1;
					};
					1DEFE14E284F2CA9004851F7 = {
						CreatedOnToolsVersion = 13.4.1;
					};
					1DEFE159284F2CAB004851F7 = {
						CreatedOnToolsVersion = 13.4.1;
					};
				};
			};
			buildConfigurationList = 1DEFE131284F2C91004851F7 /* Build configuration list for PBXProject "VideoTrainingWatch" */;
			compatibilityVersion = "Xcode 13.0";
			developmentRegion = en;
			hasScannedForEncodings = 0;
			knownRegions = (
				en,
				Base,
			);
			mainGroup = 1DEFE12D284F2C91004851F7;
			productRefGroup = 1DEFE137284F2C91004851F7 /* Products */;
			projectDirPath = "";
			projectRoot = "";
			targets = (
				1DEFE135284F2C91004851F7 /* VideoTrainingWatch */,
				1DEFE14E284F2CA9004851F7 /* WatchApp */,
				1DEFE159284F2CAB004851F7 /* WatchApp WatchKit Extension */,
			);
		};
/* End PBXProject section */

/* Begin PBXResourcesBuildPhase section */
		1DEFE134284F2C91004851F7 /* Resources */ = {
			isa = PBXResourcesBuildPhase;
			buildActionMask = 2147483647;
			files = (
				1DEFE146284F2C92004851F7 /* LaunchScreen.storyboard in Resources */,
				1DEFE143284F2C92004851F7 /* Assets.xcassets in Resources */,
				1DEFE141284F2C91004851F7 /* Main.storyboard in Resources */,
			);
			runOnlyForDeploymentPostprocessing = 0;
		};
		1DEFE14D284F2CA9004851F7 /* Resources */ = {
			isa = PBXResourcesBuildPhase;
			buildActionMask = 2147483647;
			files = (
				1DEFE155284F2CAA004851F7 /* Assets.xcassets in Resources */,
				1DEFE153284F2CA9004851F7 /* Interface.storyboard in Resources */,
			);
			runOnlyForDeploymentPostprocessing = 0;
		};
		1DEFE158284F2CAB004851F7 /* Resources */ = {
			isa = PBXResourcesBuildPhase;
			buildActionMask = 2147483647;
			files = (
				1DEFE168284F2CAC004851F7 /* Assets.xcassets in Resources */,
			);
			runOnlyForDeploymentPostprocessing = 0;
		};
/* End PBXResourcesBuildPhase section */

/* Begin PBXSourcesBuildPhase section */
		1DEFE132284F2C91004851F7 /* Sources */ = {
			isa = PBXSourcesBuildPhase;
			buildActionMask = 2147483647;
			files = (
				1DEFE13E284F2C91004851F7 /* ViewController.swift in Sources */,
				1DEFE13A284F2C91004851F7 /* AppDelegate.swift in Sources */,
				1DEFE13C284F2C91004851F7 /* SceneDelegate.swift in Sources */,
			);
			runOnlyForDeploymentPostprocessing = 0;
		};
		1DEFE156284F2CAB004851F7 /* Sources */ = {
			isa = PBXSourcesBuildPhase;
			buildActionMask = 2147483647;
			files = (
				1DEFE164284F2CAB004851F7 /* NotificationController.swift in Sources */,
				1DEFE166284F2CAB004851F7 /* ComplicationController.swift in Sources */,
				1DEFE162284F2CAB004851F7 /* ExtensionDelegate.swift in Sources */,
				1DEFE160284F2CAB004851F7 /* InterfaceController.swift in Sources */,
				1DEFE177284F2CC9004851F7 /* SwiftUIView.swift in Sources */,
			);
			runOnlyForDeploymentPostprocessing = 0;
		};
/* End PBXSourcesBuildPhase section */

/* Begin PBXTargetDependency section */
		1DEFE15D284F2CAB004851F7 /* PBXTargetDependency */ = {
			isa = PBXTargetDependency;
			target = 1DEFE159284F2CAB004851F7 /* WatchApp WatchKit Extension */;
			targetProxy = 1DEFE15C284F2CAB004851F7 /* PBXContainerItemProxy */;
		};
		1DEFE16C284F2CAC004851F7 /* PBXTargetDependency */ = {
			isa = PBXTargetDependency;
			target = 1DEFE14E284F2CA9004851F7 /* WatchApp */;
			targetProxy = 1DEFE16B284F2CAC004851F7 /* PBXContainerItemProxy */;
		};
/* End PBXTargetDependency section */

/* Begin PBXVariantGroup section */
		1DEFE13F284F2C91004851F7 /* Main.storyboard */ = {
			isa = PBXVariantGroup;
			children = (
				1DEFE140284F2C91004851F7 /* Base */,
			);
			name = Main.storyboard;
			sourceTree = "<group>";
		};
		1DEFE144284F2C92004851F7 /* LaunchScreen.storyboard */ = {
			isa = PBXVariantGroup;
			children = (
				1DEFE145284F2C92004851F7 /* Base */,
			);
			name = LaunchScreen.storyboard;
			sourceTree = "<group>";
		};
		1DEFE151284F2CA9004851F7 /* Interface.storyboard */ = {
			isa = PBXVariantGroup;
			children = (
				1DEFE152284F2CA9004851F7 /* Base */,
			);
			name = Interface.storyboard;
			sourceTree = "<group>";
		};
/* End PBXVariantGroup section */

/* Begin XCBuildConfiguration section */
		1DEFE148284F2C92004851F7 /* Debug */ = {
			isa = XCBuildConfiguration;
			buildSettings = {
				ALWAYS_SEARCH_USER_PATHS = NO;
				CLANG_ANALYZER_NONNULL = YES;
				CLANG_ANALYZER_NUMBER_OBJECT_CONVERSION = YES_AGGRESSIVE;
				CLANG_CXX_LANGUAGE_STANDARD = "gnu++17";
				CLANG_ENABLE_MODULES = YES;
				CLANG_ENABLE_OBJC_ARC = YES;
				CLANG_ENABLE_OBJC_WEAK = YES;
				CLANG_WARN_BLOCK_CAPTURE_AUTORELEASING = YES;
				CLANG_WARN_BOOL_CONVERSION = YES;
				CLANG_WARN_COMMA = YES;
				CLANG_WARN_CONSTANT_CONVERSION = YES;
				CLANG_WARN_DEPRECATED_OBJC_IMPLEMENTATIONS = YES;
				CLANG_WARN_DIRECT_OBJC_ISA_USAGE = YES_ERROR;
				CLANG_WARN_DOCUMENTATION_COMMENTS = YES;
				CLANG_WARN_EMPTY_BODY = YES;
				CLANG_WARN_ENUM_CONVERSION = YES;
				CLANG_WARN_INFINITE_RECURSION = YES;
				CLANG_WARN_INT_CONVERSION = YES;
				CLANG_WARN_NON_LITERAL_NULL_CONVERSION = YES;
				CLANG_WARN_OBJC_IMPLICIT_RETAIN_SELF = YES;
				CLANG_WARN_OBJC_LITERAL_CONVERSION = YES;
				CLANG_WARN_OBJC_ROOT_CLASS = YES_ERROR;
				CLANG_WARN_QUOTED_INCLUDE_IN_FRAMEWORK_HEADER = YES;
				CLANG_WARN_RANGE_LOOP_ANALYSIS = YES;
				CLANG_WARN_STRICT_PROTOTYPES = YES;
				CLANG_WARN_SUSPICIOUS_MOVE = YES;
				CLANG_WARN_UNGUARDED_AVAILABILITY = YES_AGGRESSIVE;
				CLANG_WARN_UNREACHABLE_CODE = YES;
				CLANG_WARN__DUPLICATE_METHOD_MATCH = YES;
				COPY_PHASE_STRIP = NO;
				DEBUG_INFORMATION_FORMAT = dwarf;
				ENABLE_STRICT_OBJC_MSGSEND = YES;
				ENABLE_TESTABILITY = YES;
				GCC_C_LANGUAGE_STANDARD = gnu11;
				GCC_DYNAMIC_NO_PIC = NO;
				GCC_NO_COMMON_BLOCKS = YES;
				GCC_OPTIMIZATION_LEVEL = 0;
				GCC_PREPROCESSOR_DEFINITIONS = (
					"DEBUG=1",
					"$(inherited)",
				);
				GCC_WARN_64_TO_32_BIT_CONVERSION = YES;
				GCC_WARN_ABOUT_RETURN_TYPE = YES_ERROR;
				GCC_WARN_UNDECLARED_SELECTOR = YES;
				GCC_WARN_UNINITIALIZED_AUTOS = YES_AGGRESSIVE;
				GCC_WARN_UNUSED_FUNCTION = YES;
				GCC_WARN_UNUSED_VARIABLE = YES;
				IPHONEOS_DEPLOYMENT_TARGET = 15.5;
				MTL_ENABLE_DEBUG_INFO = INCLUDE_SOURCE;
				MTL_FAST_MATH = YES;
				ONLY_ACTIVE_ARCH = YES;
				SDKROOT = iphoneos;
				SWIFT_ACTIVE_COMPILATION_CONDITIONS = DEBUG;
				SWIFT_OPTIMIZATION_LEVEL = "-Onone";
			};
			name = Debug;
		};
		1DEFE149284F2C92004851F7 /* Release */ = {
			isa = XCBuildConfiguration;
			buildSettings = {
				ALWAYS_SEARCH_USER_PATHS = NO;
				CLANG_ANALYZER_NONNULL = YES;
				CLANG_ANALYZER_NUMBER_OBJECT_CONVERSION = YES_AGGRESSIVE;
				CLANG_CXX_LANGUAGE_STANDARD = "gnu++17";
				CLANG_ENABLE_MODULES = YES;
				CLANG_ENABLE_OBJC_ARC = YES;
				CLANG_ENABLE_OBJC_WEAK = YES;
				CLANG_WARN_BLOCK_CAPTURE_AUTORELEASING = YES;
				CLANG_WARN_BOOL_CONVERSION = YES;
				CLANG_WARN_COMMA = YES;
				CLANG_WARN_CONSTANT_CONVERSION = YES;
				CLANG_WARN_DEPRECATED_OBJC_IMPLEMENTATIONS = YES;
				CLANG_WARN_DIRECT_OBJC_ISA_USAGE = YES_ERROR;
				CLANG_WARN_DOCUMENTATION_COMMENTS = YES;
				CLANG_WARN_EMPTY_BODY = YES;
				CLANG_WARN_ENUM_CONVERSION = YES;
				CLANG_WARN_INFINITE_RECURSION = YES;
				CLANG_WARN_INT_CONVERSION = YES;
				CLANG_WARN_NON_LITERAL_NULL_CONVERSION = YES;
				CLANG_WARN_OBJC_IMPLICIT_RETAIN_SELF = YES;
				CLANG_WARN_OBJC_LITERAL_CONVERSION = YES;
				CLANG_WARN_OBJC_ROOT_CLASS = YES_ERROR;
				CLANG_WARN_QUOTED_INCLUDE_IN_FRAMEWORK_HEADER = YES;
				CLANG_WARN_RANGE_LOOP_ANALYSIS = YES;
				CLANG_WARN_STRICT_PROTOTYPES = YES;
				CLANG_WARN_SUSPICIOUS_MOVE = YES;
				CLANG_WARN_UNGUARDED_AVAILABILITY = YES_AGGRESSIVE;
				CLANG_WARN_UNREACHABLE_CODE = YES;
				CLANG_WARN__DUPLICATE_METHOD_MATCH = YES;
				COPY_PHASE_STRIP = NO;
				DEBUG_INFORMATION_FORMAT = "dwarf-with-dsym";
				ENABLE_NS_ASSERTIONS = NO;
				ENABLE_STRICT_OBJC_MSGSEND = YES;
				GCC_C_LANGUAGE_STANDARD = gnu11;
				GCC_NO_COMMON_BLOCKS = YES;
				GCC_WARN_64_TO_32_BIT_CONVERSION = YES;
				GCC_WARN_ABOUT_RETURN_TYPE = YES_ERROR;
				GCC_WARN_UNDECLARED_SELECTOR = YES;
				GCC_WARN_UNINITIALIZED_AUTOS = YES_AGGRESSIVE;
				GCC_WARN_UNUSED_FUNCTION = YES;
				GCC_WARN_UNUSED_VARIABLE = YES;
				IPHONEOS_DEPLOYMENT_TARGET = 15.5;
				MTL_ENABLE_DEBUG_INFO = NO;
				MTL_FAST_MATH = YES;
				SDKROOT = iphoneos;
				SWIFT_COMPILATION_MODE = wholemodule;
				SWIFT_OPTIMIZATION_LEVEL = "-O";
				VALIDATE_PRODUCT = YES;
			};
			name = Release;
		};
		1DEFE14B284F2C92004851F7 /* Debug */ = {
			isa = XCBuildConfiguration;
			buildSettings = {
				ASSETCATALOG_COMPILER_APPICON_NAME = AppIcon;
				ASSETCATALOG_COMPILER_GLOBAL_ACCENT_COLOR_NAME = AccentColor;
				CODE_SIGN_STYLE = Automatic;
				CURRENT_PROJECT_VERSION = 1;
				DEVELOPMENT_TEAM = K64M8673AP;
				GENERATE_INFOPLIST_FILE = YES;
				INFOPLIST_FILE = VideoTrainingWatch/Info.plist;
				INFOPLIST_KEY_UIApplicationSupportsIndirectInputEvents = YES;
				INFOPLIST_KEY_UILaunchStoryboardName = LaunchScreen;
				INFOPLIST_KEY_UIMainStoryboardFile = Main;
				INFOPLIST_KEY_UISupportedInterfaceOrientations_iPad = "UIInterfaceOrientationPortrait UIInterfaceOrientationPortraitUpsideDown UIInterfaceOrientationLandscapeLeft UIInterfaceOrientationLandscapeRight";
				INFOPLIST_KEY_UISupportedInterfaceOrientations_iPhone = "UIInterfaceOrientationPortrait UIInterfaceOrientationLandscapeLeft UIInterfaceOrientationLandscapeRight";
				LD_RUNPATH_SEARCH_PATHS = (
					"$(inherited)",
					"@executable_path/Frameworks",
				);
				MARKETING_VERSION = 1.0;
				PRODUCT_BUNDLE_IDENTIFIER = com.jasursalimov.VideoTrainingWatch;
				PRODUCT_NAME = "$(TARGET_NAME)";
				SWIFT_EMIT_LOC_STRINGS = YES;
				SWIFT_VERSION = 5.0;
				TARGETED_DEVICE_FAMILY = 1;
			};
			name = Debug;
		};
		1DEFE14C284F2C92004851F7 /* Release */ = {
			isa = XCBuildConfiguration;
			buildSettings = {
				ASSETCATALOG_COMPILER_APPICON_NAME = AppIcon;
				ASSETCATALOG_COMPILER_GLOBAL_ACCENT_COLOR_NAME = AccentColor;
				CODE_SIGN_STYLE = Automatic;
				CURRENT_PROJECT_VERSION = 1;
				DEVELOPMENT_TEAM = K64M8673AP;
				GENERATE_INFOPLIST_FILE = YES;
				INFOPLIST_FILE = VideoTrainingWatch/Info.plist;
				INFOPLIST_KEY_UIApplicationSupportsIndirectInputEvents = YES;
				INFOPLIST_KEY_UILaunchStoryboardName = LaunchScreen;
				INFOPLIST_KEY_UIMainStoryboardFile = Main;
				INFOPLIST_KEY_UISupportedInterfaceOrientations_iPad = "UIInterfaceOrientationPortrait UIInterfaceOrientationPortraitUpsideDown UIInterfaceOrientationLandscapeLeft UIInterfaceOrientationLandscapeRight";
				INFOPLIST_KEY_UISupportedInterfaceOrientations_iPhone = "UIInterfaceOrientationPortrait UIInterfaceOrientationLandscapeLeft UIInterfaceOrientationLandscapeRight";
				LD_RUNPATH_SEARCH_PATHS = (
					"$(inherited)",
					"@executable_path/Frameworks",
				);
				MARKETING_VERSION = 1.0;
				PRODUCT_BUNDLE_IDENTIFIER = com.jasursalimov.VideoTrainingWatch;
				PRODUCT_NAME = "$(TARGET_NAME)";
				SWIFT_EMIT_LOC_STRINGS = YES;
				SWIFT_VERSION = 5.0;
				TARGETED_DEVICE_FAMILY = 1;
			};
			name = Release;
		};
		1DEFE16F284F2CAC004851F7 /* Debug */ = {
			isa = XCBuildConfiguration;
			buildSettings = {
				ASSETCATALOG_COMPILER_COMPLICATION_NAME = Complication;
				CODE_SIGN_STYLE = Automatic;
				CURRENT_PROJECT_VERSION = 1;
				DEVELOPMENT_TEAM = K64M8673AP;
				GENERATE_INFOPLIST_FILE = YES;
				INFOPLIST_FILE = "WatchApp WatchKit Extension/Info.plist";
				INFOPLIST_KEY_CFBundleDisplayName = "WatchApp WatchKit Extension";
				INFOPLIST_KEY_CLKComplicationPrincipalClass = "$(PRODUCT_MODULE_NAME).ComplicationController";
				INFOPLIST_KEY_NSHumanReadableCopyright = "";
				INFOPLIST_KEY_WKExtensionDelegateClassName = "$(PRODUCT_MODULE_NAME).ExtensionDelegate";
				LD_RUNPATH_SEARCH_PATHS = (
					"$(inherited)",
					"@executable_path/Frameworks",
					"@executable_path/../../Frameworks",
				);
				MARKETING_VERSION = 1.0;
				PRODUCT_BUNDLE_IDENTIFIER = com.jasursalimov.VideoTrainingWatch.watchkitapp.watchkitextension;
				PRODUCT_NAME = "${TARGET_NAME}";
				SDKROOT = watchos;
				SKIP_INSTALL = YES;
				SWIFT_EMIT_LOC_STRINGS = YES;
				SWIFT_VERSION = 5.0;
				TARGETED_DEVICE_FAMILY = 4;
				WATCHOS_DEPLOYMENT_TARGET = 8.5;
			};
			name = Debug;
		};
		1DEFE170284F2CAC004851F7 /* Release */ = {
			isa = XCBuildConfiguration;
			buildSettings = {
				ASSETCATALOG_COMPILER_COMPLICATION_NAME = Complication;
				CODE_SIGN_STYLE = Automatic;
				CURRENT_PROJECT_VERSION = 1;
				DEVELOPMENT_TEAM = K64M8673AP;
				GENERATE_INFOPLIST_FILE = YES;
				INFOPLIST_FILE = "WatchApp WatchKit Extension/Info.plist";
				INFOPLIST_KEY_CFBundleDisplayName = "WatchApp WatchKit Extension";
				INFOPLIST_KEY_CLKComplicationPrincipalClass = "$(PRODUCT_MODULE_NAME).ComplicationController";
				INFOPLIST_KEY_NSHumanReadableCopyright = "";
				INFOPLIST_KEY_WKExtensionDelegateClassName = "$(PRODUCT_MODULE_NAME).ExtensionDelegate";
				LD_RUNPATH_SEARCH_PATHS = (
					"$(inherited)",
					"@executable_path/Frameworks",
					"@executable_path/../../Frameworks",
				);
				MARKETING_VERSION = 1.0;
				PRODUCT_BUNDLE_IDENTIFIER = com.jasursalimov.VideoTrainingWatch.watchkitapp.watchkitextension;
				PRODUCT_NAME = "${TARGET_NAME}";
				SDKROOT = watchos;
				SKIP_INSTALL = YES;
				SWIFT_EMIT_LOC_STRINGS = YES;
				SWIFT_VERSION = 5.0;
				TARGETED_DEVICE_FAMILY = 4;
				WATCHOS_DEPLOYMENT_TARGET = 8.5;
			};
			name = Release;
		};
		1DEFE173284F2CAC004851F7 /* Debug */ = {
			isa = XCBuildConfiguration;
			buildSettings = {
				ALWAYS_EMBED_SWIFT_STANDARD_LIBRARIES = YES;
				ASSETCATALOG_COMPILER_APPICON_NAME = AppIcon;
				ASSETCATALOG_COMPILER_GLOBAL_ACCENT_COLOR_NAME = AccentColor;
				CODE_SIGN_STYLE = Automatic;
				CURRENT_PROJECT_VERSION = 1;
				DEVELOPMENT_TEAM = K64M8673AP;
				GENERATE_INFOPLIST_FILE = YES;
				IBSC_MODULE = WatchApp_WatchKit_Extension;
				INFOPLIST_KEY_CFBundleDisplayName = WatchApp;
				INFOPLIST_KEY_UISupportedInterfaceOrientations = "UIInterfaceOrientationPortrait UIInterfaceOrientationPortraitUpsideDown";
				INFOPLIST_KEY_WKCompanionAppBundleIdentifier = com.jasursalimov.VideoTrainingWatch;
				MARKETING_VERSION = 1.0;
				PRODUCT_BUNDLE_IDENTIFIER = com.jasursalimov.VideoTrainingWatch.watchkitapp;
				PRODUCT_NAME = "$(TARGET_NAME)";
				SDKROOT = watchos;
				SKIP_INSTALL = YES;
				SWIFT_EMIT_LOC_STRINGS = YES;
				SWIFT_VERSION = 5.0;
				TARGETED_DEVICE_FAMILY = 4;
				WATCHOS_DEPLOYMENT_TARGET = 8.5;
			};
			name = Debug;
		};
		1DEFE174284F2CAC004851F7 /* Release */ = {
			isa = XCBuildConfiguration;
			buildSettings = {
				ALWAYS_EMBED_SWIFT_STANDARD_LIBRARIES = YES;
				ASSETCATALOG_COMPILER_APPICON_NAME = AppIcon;
				ASSETCATALOG_COMPILER_GLOBAL_ACCENT_COLOR_NAME = AccentColor;
				CODE_SIGN_STYLE = Automatic;
				CURRENT_PROJECT_VERSION = 1;
				DEVELOPMENT_TEAM = K64M8673AP;
				GENERATE_INFOPLIST_FILE = YES;
				IBSC_MODULE = WatchApp_WatchKit_Extension;
				INFOPLIST_KEY_CFBundleDisplayName = WatchApp;
				INFOPLIST_KEY_UISupportedInterfaceOrientations = "UIInterfaceOrientationPortrait UIInterfaceOrientationPortraitUpsideDown";
				INFOPLIST_KEY_WKCompanionAppBundleIdentifier = com.jasursalimov.VideoTrainingWatch;
				MARKETING_VERSION = 1.0;
				PRODUCT_BUNDLE_IDENTIFIER = com.jasursalimov.VideoTrainingWatch.watchkitapp;
				PRODUCT_NAME = "$(TARGET_NAME)";
				SDKROOT = watchos;
				SKIP_INSTALL = YES;
				SWIFT_EMIT_LOC_STRINGS = YES;
				SWIFT_VERSION = 5.0;
				TARGETED_DEVICE_FAMILY = 4;
				WATCHOS_DEPLOYMENT_TARGET = 8.5;
			};
			name = Release;
		};
/* End XCBuildConfiguration section */

/* Begin XCConfigurationList section */
		1DEFE131284F2C91004851F7 /* Build configuration list for PBXProject "VideoTrainingWatch" */ = {
			isa = XCConfigurationList;
			buildConfigurations = (
				1DEFE148284F2C92004851F7 /* Debug */,
				1DEFE149284F2C92004851F7 /* Release */,
			);
			defaultConfigurationIsVisible = 0;
			defaultConfigurationName = Release;
		};
		1DEFE14A284F2C92004851F7 /* Build configuration list for PBXNativeTarget "VideoTrainingWatch" */ = {
			isa = XCConfigurationList;
			buildConfigurations = (
				1DEFE14B284F2C92004851F7 /* Debug */,
				1DEFE14C284F2C92004851F7 /* Release */,
			);
			defaultConfigurationIsVisible = 0;
			defaultConfigurationName = Release;
		};
		1DEFE16E284F2CAC004851F7 /* Build configuration list for PBXNativeTarget "WatchApp WatchKit Extension" */ = {
			isa = XCConfigurationList;
			buildConfigurations = (
				1DEFE16F284F2CAC004851F7 /* Debug */,
				1DEFE170284F2CAC004851F7 /* Release */,
			);
			defaultConfigurationIsVisible = 0;
			defaultConfigurationName = Release;
		};
		1DEFE172284F2CAC004851F7 /* Build configuration list for PBXNativeTarget "WatchApp" */ = {
			isa = XCConfigurationList;
			buildConfigurations = (
				1DEFE173284F2CAC004851F7 /* Debug */,
				1DEFE174284F2CAC004851F7 /* Release */,
			);
			defaultConfigurationIsVisible = 0;
			defaultConfigurationName = Release;
		};
/* End XCConfigurationList section */
	};
	rootObject = 1DEFE12E284F2C91004851F7 /* Project object */;
}
